// !$*UTF8*$!
{
	archiveVersion = 1;
	classes = {
	};
	objectVersion = 50;
	objects = {

/* Begin PBXBuildFile section */
		5D09CDFD23026991006E914F /* ClassExtensions.swift in Sources */ = {isa = PBXBuildFile; fileRef = 5D09CDFC23026991006E914F /* ClassExtensions.swift */; };
		5D1B011524C04C2000EE9633 /* ReminderNotificationsManager.swift in Sources */ = {isa = PBXBuildFile; fileRef = 5D1B011424C04C2000EE9633 /* ReminderNotificationsManager.swift */; };
		5D1B011724C0635200EE9633 /* PumpSiteManager.swift in Sources */ = {isa = PBXBuildFile; fileRef = 5D1B011624C0635200EE9633 /* PumpSiteManager.swift */; };
		5D30E26C252D4BB500DB49CA /* PumpSite.swift in Sources */ = {isa = PBXBuildFile; fileRef = 5D30E26B252D4BB500DB49CA /* PumpSite.swift */; };
		5D30E271252D4BD300DB49CA /* ReminderNotification.swift in Sources */ = {isa = PBXBuildFile; fileRef = 5D30E270252D4BD300DB49CA /* ReminderNotification.swift */; };
		5D786881230096FB00A54436 /* ContainerController.swift in Sources */ = {isa = PBXBuildFile; fileRef = 5D786880230096FB00A54436 /* ContainerController.swift */; };
		5D7868832300984B00A54436 /* HomeViewController.swift in Sources */ = {isa = PBXBuildFile; fileRef = 5D7868822300984B00A54436 /* HomeViewController.swift */; };
		5DB5C33326C6E44C00877646 /* SettingsTableVC.swift in Sources */ = {isa = PBXBuildFile; fileRef = 5DB5C33226C6E44C00877646 /* SettingsTableVC.swift */; };
		5DB5C33526C6E6F200877646 /* StartDateCell.swift in Sources */ = {isa = PBXBuildFile; fileRef = 5DB5C33426C6E6F200877646 /* StartDateCell.swift */; };
		5DB5C33726C6E94F00877646 /* DaysBtwnCell.swift in Sources */ = {isa = PBXBuildFile; fileRef = 5DB5C33626C6E94F00877646 /* DaysBtwnCell.swift */; };
		5DB5C33926C6E98D00877646 /* ReminderCell.swift in Sources */ = {isa = PBXBuildFile; fileRef = 5DB5C33826C6E98D00877646 /* ReminderCell.swift */; };
		5DB89115230029090000BFC6 /* colorGradient.jpeg in Resources */ = {isa = PBXBuildFile; fileRef = 5DB89114230029080000BFC6 /* colorGradient.jpeg */; };
		5DB8911723003BCF0000BFC6 /* SettingsTableViewController.swift in Sources */ = {isa = PBXBuildFile; fileRef = 5DB8911623003BCF0000BFC6 /* SettingsTableViewController.swift */; };
		5DB8911923003FE80000BFC6 /* StartDateController.swift in Sources */ = {isa = PBXBuildFile; fileRef = 5DB8911823003FE80000BFC6 /* StartDateController.swift */; };
		5DB8911B2300401E0000BFC6 /* ReminderFrequencyController.swift in Sources */ = {isa = PBXBuildFile; fileRef = 5DB8911A2300401E0000BFC6 /* ReminderFrequencyController.swift */; };
		5DCD32A0230023AB00BC2E07 /* AppDelegate.swift in Sources */ = {isa = PBXBuildFile; fileRef = 5DCD329F230023AB00BC2E07 /* AppDelegate.swift */; };
		5DCD32A2230023AB00BC2E07 /* LaunchViewController.swift in Sources */ = {isa = PBXBuildFile; fileRef = 5DCD32A1230023AB00BC2E07 /* LaunchViewController.swift */; };
		5DCD32A5230023AB00BC2E07 /* Main.storyboard in Resources */ = {isa = PBXBuildFile; fileRef = 5DCD32A3230023AB00BC2E07 /* Main.storyboard */; };
		5DCD32A7230023AD00BC2E07 /* Assets.xcassets in Resources */ = {isa = PBXBuildFile; fileRef = 5DCD32A6230023AD00BC2E07 /* Assets.xcassets */; };
		5DCD32AA230023AD00BC2E07 /* LaunchScreen.storyboard in Resources */ = {isa = PBXBuildFile; fileRef = 5DCD32A8230023AD00BC2E07 /* LaunchScreen.storyboard */; };
		5DCD32B5230023AE00BC2E07 /* ChangeSiteTests.swift in Sources */ = {isa = PBXBuildFile; fileRef = 5DCD32B4230023AE00BC2E07 /* ChangeSiteTests.swift */; };
		5DCD32C0230023AE00BC2E07 /* ChangeSiteUITests.swift in Sources */ = {isa = PBXBuildFile; fileRef = 5DCD32BF230023AE00BC2E07 /* ChangeSiteUITests.swift */; };
		5DE8D52F23BFC45E0044808A /* CircularProgressBar.swift in Sources */ = {isa = PBXBuildFile; fileRef = 5DE8D52E23BFC45E0044808A /* CircularProgressBar.swift */; };
		5DE8D53223BFCE550044808A /* circularProgressBar.xcdatamodeld in Sources */ = {isa = PBXBuildFile; fileRef = 5DE8D53023BFCE550044808A /* circularProgressBar.xcdatamodeld */; };
/* End PBXBuildFile section */

/* Begin PBXContainerItemProxy section */
		5DCD32B1230023AD00BC2E07 /* PBXContainerItemProxy */ = {
			isa = PBXContainerItemProxy;
			containerPortal = 5DCD3294230023AB00BC2E07 /* Project object */;
			proxyType = 1;
			remoteGlobalIDString = 5DCD329B230023AB00BC2E07;
			remoteInfo = ChangeSite2;
		};
		5DCD32BC230023AE00BC2E07 /* PBXContainerItemProxy */ = {
			isa = PBXContainerItemProxy;
			containerPortal = 5DCD3294230023AB00BC2E07 /* Project object */;
			proxyType = 1;
			remoteGlobalIDString = 5DCD329B230023AB00BC2E07;
			remoteInfo = ChangeSite2;
		};
/* End PBXContainerItemProxy section */

/* Begin PBXFileReference section */
		5D09CDFC23026991006E914F /* ClassExtensions.swift */ = {isa = PBXFileReference; lastKnownFileType = sourcecode.swift; path = ClassExtensions.swift; sourceTree = "<group>"; };
		5D1B011424C04C2000EE9633 /* ReminderNotificationsManager.swift */ = {isa = PBXFileReference; lastKnownFileType = sourcecode.swift; path = ReminderNotificationsManager.swift; sourceTree = "<group>"; };
		5D1B011624C0635200EE9633 /* PumpSiteManager.swift */ = {isa = PBXFileReference; lastKnownFileType = sourcecode.swift; path = PumpSiteManager.swift; sourceTree = "<group>"; };
		5D30E25F252D4A3000DB49CA /* diabetes-dribbble.png */ = {isa = PBXFileReference; lastKnownFileType = image.png; name = "diabetes-dribbble.png"; path = "../../../../diabetes-dribbble.png"; sourceTree = "<group>"; };
		5D30E26B252D4BB500DB49CA /* PumpSite.swift */ = {isa = PBXFileReference; lastKnownFileType = sourcecode.swift; path = PumpSite.swift; sourceTree = "<group>"; };
		5D30E270252D4BD300DB49CA /* ReminderNotification.swift */ = {isa = PBXFileReference; lastKnownFileType = sourcecode.swift; path = ReminderNotification.swift; sourceTree = "<group>"; };
		5D786880230096FB00A54436 /* ContainerController.swift */ = {isa = PBXFileReference; lastKnownFileType = sourcecode.swift; path = ContainerController.swift; sourceTree = "<group>"; };
		5D7868822300984B00A54436 /* HomeViewController.swift */ = {isa = PBXFileReference; lastKnownFileType = sourcecode.swift; path = HomeViewController.swift; sourceTree = "<group>"; };
		5DB5C33226C6E44C00877646 /* SettingsTableVC.swift */ = {isa = PBXFileReference; lastKnownFileType = sourcecode.swift; path = SettingsTableVC.swift; sourceTree = "<group>"; };
		5DB5C33426C6E6F200877646 /* StartDateCell.swift */ = {isa = PBXFileReference; lastKnownFileType = sourcecode.swift; path = StartDateCell.swift; sourceTree = "<group>"; };
		5DB5C33626C6E94F00877646 /* DaysBtwnCell.swift */ = {isa = PBXFileReference; lastKnownFileType = sourcecode.swift; path = DaysBtwnCell.swift; sourceTree = "<group>"; };
		5DB5C33826C6E98D00877646 /* ReminderCell.swift */ = {isa = PBXFileReference; lastKnownFileType = sourcecode.swift; path = ReminderCell.swift; sourceTree = "<group>"; };
		5DB89114230029080000BFC6 /* colorGradient.jpeg */ = {isa = PBXFileReference; lastKnownFileType = image.jpeg; path = colorGradient.jpeg; sourceTree = "<group>"; };
		5DB8911623003BCF0000BFC6 /* SettingsTableViewController.swift */ = {isa = PBXFileReference; lastKnownFileType = sourcecode.swift; path = SettingsTableViewController.swift; sourceTree = "<group>"; };
		5DB8911823003FE80000BFC6 /* StartDateController.swift */ = {isa = PBXFileReference; lastKnownFileType = sourcecode.swift; path = StartDateController.swift; sourceTree = "<group>"; };
		5DB8911A2300401E0000BFC6 /* ReminderFrequencyController.swift */ = {isa = PBXFileReference; lastKnownFileType = sourcecode.swift; path = ReminderFrequencyController.swift; sourceTree = "<group>"; };
		5DCD329C230023AB00BC2E07 /* ChangeSite.app */ = {isa = PBXFileReference; explicitFileType = wrapper.application; includeInIndex = 0; path = ChangeSite.app; sourceTree = BUILT_PRODUCTS_DIR; };
		5DCD329F230023AB00BC2E07 /* AppDelegate.swift */ = {isa = PBXFileReference; lastKnownFileType = sourcecode.swift; path = AppDelegate.swift; sourceTree = "<group>"; };
		5DCD32A1230023AB00BC2E07 /* LaunchViewController.swift */ = {isa = PBXFileReference; lastKnownFileType = sourcecode.swift; path = LaunchViewController.swift; sourceTree = "<group>"; };
		5DCD32A4230023AB00BC2E07 /* Base */ = {isa = PBXFileReference; lastKnownFileType = file.storyboard; name = Base; path = Base.lproj/Main.storyboard; sourceTree = "<group>"; };
		5DCD32A6230023AD00BC2E07 /* Assets.xcassets */ = {isa = PBXFileReference; lastKnownFileType = folder.assetcatalog; path = Assets.xcassets; sourceTree = "<group>"; };
		5DCD32A9230023AD00BC2E07 /* Base */ = {isa = PBXFileReference; lastKnownFileType = file.storyboard; name = Base; path = Base.lproj/LaunchScreen.storyboard; sourceTree = "<group>"; };
		5DCD32AB230023AD00BC2E07 /* Info.plist */ = {isa = PBXFileReference; lastKnownFileType = text.plist.xml; path = Info.plist; sourceTree = "<group>"; };
		5DCD32B0230023AD00BC2E07 /* ChangeSiteTests.xctest */ = {isa = PBXFileReference; explicitFileType = wrapper.cfbundle; includeInIndex = 0; path = ChangeSiteTests.xctest; sourceTree = BUILT_PRODUCTS_DIR; };
		5DCD32B4230023AE00BC2E07 /* ChangeSiteTests.swift */ = {isa = PBXFileReference; lastKnownFileType = sourcecode.swift; path = ChangeSiteTests.swift; sourceTree = "<group>"; };
		5DCD32B6230023AE00BC2E07 /* Info.plist */ = {isa = PBXFileReference; lastKnownFileType = text.plist.xml; path = Info.plist; sourceTree = "<group>"; };
		5DCD32BB230023AE00BC2E07 /* ChangeSiteUITests.xctest */ = {isa = PBXFileReference; explicitFileType = wrapper.cfbundle; includeInIndex = 0; path = ChangeSiteUITests.xctest; sourceTree = BUILT_PRODUCTS_DIR; };
		5DCD32BF230023AE00BC2E07 /* ChangeSiteUITests.swift */ = {isa = PBXFileReference; lastKnownFileType = sourcecode.swift; path = ChangeSiteUITests.swift; sourceTree = "<group>"; };
		5DCD32C1230023AE00BC2E07 /* Info.plist */ = {isa = PBXFileReference; lastKnownFileType = text.plist.xml; path = Info.plist; sourceTree = "<group>"; };
		5DE8D52E23BFC45E0044808A /* CircularProgressBar.swift */ = {isa = PBXFileReference; lastKnownFileType = sourcecode.swift; path = CircularProgressBar.swift; sourceTree = "<group>"; };
		5DE8D53123BFCE550044808A /* circularProgressBar.xcdatamodel */ = {isa = PBXFileReference; lastKnownFileType = wrapper.xcdatamodel; path = circularProgressBar.xcdatamodel; sourceTree = "<group>"; };
/* End PBXFileReference section */

/* Begin PBXFrameworksBuildPhase section */
		5DCD3299230023AB00BC2E07 /* Frameworks */ = {
			isa = PBXFrameworksBuildPhase;
			buildActionMask = 2147483647;
			files = (
			);
			runOnlyForDeploymentPostprocessing = 0;
		};
		5DCD32AD230023AD00BC2E07 /* Frameworks */ = {
			isa = PBXFrameworksBuildPhase;
			buildActionMask = 2147483647;
			files = (
			);
			runOnlyForDeploymentPostprocessing = 0;
		};
		5DCD32B8230023AE00BC2E07 /* Frameworks */ = {
			isa = PBXFrameworksBuildPhase;
			buildActionMask = 2147483647;
			files = (
			);
			runOnlyForDeploymentPostprocessing = 0;
		};
/* End PBXFrameworksBuildPhase section */

/* Begin PBXGroup section */
		5D30E25D252D49BA00DB49CA /* Resources */ = {
			isa = PBXGroup;
			children = (
				5DE8D53023BFCE550044808A /* circularProgressBar.xcdatamodeld */,
				5DB89114230029080000BFC6 /* colorGradient.jpeg */,
				5D30E25F252D4A3000DB49CA /* diabetes-dribbble.png */,
			);
			path = Resources;
			sourceTree = "<group>";
		};
		5D30E266252D4AB100DB49CA /* HomeScreen */ = {
			isa = PBXGroup;
			children = (
				5D7868822300984B00A54436 /* HomeViewController.swift */,
				5DE8D52E23BFC45E0044808A /* CircularProgressBar.swift */,
			);
			path = HomeScreen;
			sourceTree = "<group>";
		};
		5D30E267252D4AED00DB49CA /* Settings */ = {
			isa = PBXGroup;
			children = (
				5DB8911623003BCF0000BFC6 /* SettingsTableViewController.swift */,
				5DB8911823003FE80000BFC6 /* StartDateController.swift */,
				5DB8911A2300401E0000BFC6 /* ReminderFrequencyController.swift */,
				5DB5C33226C6E44C00877646 /* SettingsTableVC.swift */,
				5DB5C33826C6E98D00877646 /* ReminderCell.swift */,
				5DB5C33426C6E6F200877646 /* StartDateCell.swift */,
				5DB5C33626C6E94F00877646 /* DaysBtwnCell.swift */,
			);
			path = Settings;
			sourceTree = "<group>";
		};
		5DAE572C251A1B01006151A2 /* PumpSite */ = {
			isa = PBXGroup;
			children = (
				5D30E26B252D4BB500DB49CA /* PumpSite.swift */,
				5D1B011624C0635200EE9633 /* PumpSiteManager.swift */,
				5D30E270252D4BD300DB49CA /* ReminderNotification.swift */,
				5D1B011424C04C2000EE9633 /* ReminderNotificationsManager.swift */,
			);
			path = PumpSite;
			sourceTree = "<group>";
		};
		5DCD3293230023AB00BC2E07 = {
			isa = PBXGroup;
			children = (
				5DCD329E230023AB00BC2E07 /* ChangeSite */,
				5DCD32B3230023AE00BC2E07 /* ChangeSiteTests */,
				5DCD32BE230023AE00BC2E07 /* ChangeSiteUITests */,
				5DCD329D230023AB00BC2E07 /* Products */,
			);
			sourceTree = "<group>";
		};
		5DCD329D230023AB00BC2E07 /* Products */ = {
			isa = PBXGroup;
			children = (
				5DCD329C230023AB00BC2E07 /* ChangeSite.app */,
				5DCD32B0230023AD00BC2E07 /* ChangeSiteTests.xctest */,
				5DCD32BB230023AE00BC2E07 /* ChangeSiteUITests.xctest */,
			);
			name = Products;
			sourceTree = "<group>";
		};
		5DCD329E230023AB00BC2E07 /* ChangeSite */ = {
			isa = PBXGroup;
			children = (
				5DCD329F230023AB00BC2E07 /* AppDelegate.swift */,
				5D09CDFC23026991006E914F /* ClassExtensions.swift */,
				5DCD32A3230023AB00BC2E07 /* Main.storyboard */,
				5DCD32A1230023AB00BC2E07 /* LaunchViewController.swift */,
				5DAE572C251A1B01006151A2 /* PumpSite */,
				5D30E267252D4AED00DB49CA /* Settings */,
				5D30E266252D4AB100DB49CA /* HomeScreen */,
				5DCD32A6230023AD00BC2E07 /* Assets.xcassets */,
				5DCD32A8230023AD00BC2E07 /* LaunchScreen.storyboard */,
				5DCD32AB230023AD00BC2E07 /* Info.plist */,
				5D786880230096FB00A54436 /* ContainerController.swift */,
				5D30E25D252D49BA00DB49CA /* Resources */,
			);
			path = ChangeSite;
			sourceTree = "<group>";
		};
		5DCD32B3230023AE00BC2E07 /* ChangeSiteTests */ = {
			isa = PBXGroup;
			children = (
				5DCD32B4230023AE00BC2E07 /* ChangeSiteTests.swift */,
				5DCD32B6230023AE00BC2E07 /* Info.plist */,
			);
			path = ChangeSiteTests;
			sourceTree = "<group>";
		};
		5DCD32BE230023AE00BC2E07 /* ChangeSiteUITests */ = {
			isa = PBXGroup;
			children = (
				5DCD32BF230023AE00BC2E07 /* ChangeSiteUITests.swift */,
				5DCD32C1230023AE00BC2E07 /* Info.plist */,
			);
			path = ChangeSiteUITests;
			sourceTree = "<group>";
		};
/* End PBXGroup section */

/* Begin PBXNativeTarget section */
		5DCD329B230023AB00BC2E07 /* ChangeSite */ = {
			isa = PBXNativeTarget;
			buildConfigurationList = 5DCD32C4230023AE00BC2E07 /* Build configuration list for PBXNativeTarget "ChangeSite" */;
			buildPhases = (
				5DCD3298230023AB00BC2E07 /* Sources */,
				5DCD3299230023AB00BC2E07 /* Frameworks */,
				5DCD329A230023AB00BC2E07 /* Resources */,
			);
			buildRules = (
			);
			dependencies = (
			);
			name = ChangeSite;
			productName = ChangeSite2;
			productReference = 5DCD329C230023AB00BC2E07 /* ChangeSite.app */;
			productType = "com.apple.product-type.application";
		};
		5DCD32AF230023AD00BC2E07 /* ChangeSiteTests */ = {
			isa = PBXNativeTarget;
			buildConfigurationList = 5DCD32C7230023AE00BC2E07 /* Build configuration list for PBXNativeTarget "ChangeSiteTests" */;
			buildPhases = (
				5DCD32AC230023AD00BC2E07 /* Sources */,
				5DCD32AD230023AD00BC2E07 /* Frameworks */,
				5DCD32AE230023AD00BC2E07 /* Resources */,
			);
			buildRules = (
			);
			dependencies = (
				5DCD32B2230023AD00BC2E07 /* PBXTargetDependency */,
			);
			name = ChangeSiteTests;
			productName = ChangeSite2Tests;
			productReference = 5DCD32B0230023AD00BC2E07 /* ChangeSiteTests.xctest */;
			productType = "com.apple.product-type.bundle.unit-test";
		};
		5DCD32BA230023AE00BC2E07 /* ChangeSiteUITests */ = {
			isa = PBXNativeTarget;
			buildConfigurationList = 5DCD32CA230023AE00BC2E07 /* Build configuration list for PBXNativeTarget "ChangeSiteUITests" */;
			buildPhases = (
				5DCD32B7230023AE00BC2E07 /* Sources */,
				5DCD32B8230023AE00BC2E07 /* Frameworks */,
				5DCD32B9230023AE00BC2E07 /* Resources */,
			);
			buildRules = (
			);
			dependencies = (
				5DCD32BD230023AE00BC2E07 /* PBXTargetDependency */,
			);
			name = ChangeSiteUITests;
			productName = ChangeSite2UITests;
			productReference = 5DCD32BB230023AE00BC2E07 /* ChangeSiteUITests.xctest */;
			productType = "com.apple.product-type.bundle.ui-testing";
		};
/* End PBXNativeTarget section */

/* Begin PBXProject section */
		5DCD3294230023AB00BC2E07 /* Project object */ = {
			isa = PBXProject;
			attributes = {
				LastSwiftUpdateCheck = 1030;
				LastUpgradeCheck = 1200;
				ORGANIZATIONNAME = "Emily Mittleman";
				TargetAttributes = {
					5DCD329B230023AB00BC2E07 = {
						CreatedOnToolsVersion = 10.3;
					};
					5DCD32AF230023AD00BC2E07 = {
						CreatedOnToolsVersion = 10.3;
						TestTargetID = 5DCD329B230023AB00BC2E07;
					};
					5DCD32BA230023AE00BC2E07 = {
						CreatedOnToolsVersion = 10.3;
						TestTargetID = 5DCD329B230023AB00BC2E07;
					};
				};
			};
			buildConfigurationList = 5DCD3297230023AB00BC2E07 /* Build configuration list for PBXProject "ChangeSite" */;
			compatibilityVersion = "Xcode 9.3";
			developmentRegion = en;
			hasScannedForEncodings = 0;
			knownRegions = (
				en,
				Base,
			);
			mainGroup = 5DCD3293230023AB00BC2E07;
			productRefGroup = 5DCD329D230023AB00BC2E07 /* Products */;
			projectDirPath = "";
			projectRoot = "";
			targets = (
				5DCD329B230023AB00BC2E07 /* ChangeSite */,
				5DCD32AF230023AD00BC2E07 /* ChangeSiteTests */,
				5DCD32BA230023AE00BC2E07 /* ChangeSiteUITests */,
			);
		};
/* End PBXProject section */

/* Begin PBXResourcesBuildPhase section */
		5DCD329A230023AB00BC2E07 /* Resources */ = {
			isa = PBXResourcesBuildPhase;
			buildActionMask = 2147483647;
			files = (
				5DCD32AA230023AD00BC2E07 /* LaunchScreen.storyboard in Resources */,
				5DCD32A7230023AD00BC2E07 /* Assets.xcassets in Resources */,
				5DCD32A5230023AB00BC2E07 /* Main.storyboard in Resources */,
				5DB89115230029090000BFC6 /* colorGradient.jpeg in Resources */,
			);
			runOnlyForDeploymentPostprocessing = 0;
		};
		5DCD32AE230023AD00BC2E07 /* Resources */ = {
			isa = PBXResourcesBuildPhase;
			buildActionMask = 2147483647;
			files = (
			);
			runOnlyForDeploymentPostprocessing = 0;
		};
		5DCD32B9230023AE00BC2E07 /* Resources */ = {
			isa = PBXResourcesBuildPhase;
			buildActionMask = 2147483647;
			files = (
			);
			runOnlyForDeploymentPostprocessing = 0;
		};
/* End PBXResourcesBuildPhase section */

/* Begin PBXSourcesBuildPhase section */
		5DCD3298230023AB00BC2E07 /* Sources */ = {
			isa = PBXSourcesBuildPhase;
			buildActionMask = 2147483647;
			files = (
				5DB8911923003FE80000BFC6 /* StartDateController.swift in Sources */,
				5DB5C33326C6E44C00877646 /* SettingsTableVC.swift in Sources */,
				5DCD32A2230023AB00BC2E07 /* LaunchViewController.swift in Sources */,
				5D30E271252D4BD300DB49CA /* ReminderNotification.swift in Sources */,
				5DE8D52F23BFC45E0044808A /* CircularProgressBar.swift in Sources */,
				5D30E26C252D4BB500DB49CA /* PumpSite.swift in Sources */,
				5DCD32A0230023AB00BC2E07 /* AppDelegate.swift in Sources */,
				5D7868832300984B00A54436 /* HomeViewController.swift in Sources */,
				5D786881230096FB00A54436 /* ContainerController.swift in Sources */,
				5D1B011524C04C2000EE9633 /* ReminderNotificationsManager.swift in Sources */,
				5DB5C33526C6E6F200877646 /* StartDateCell.swift in Sources */,
				5D09CDFD23026991006E914F /* ClassExtensions.swift in Sources */,
				5DB8911B2300401E0000BFC6 /* ReminderFrequencyController.swift in Sources */,
				5DB5C33926C6E98D00877646 /* ReminderCell.swift in Sources */,
				5DB5C33726C6E94F00877646 /* DaysBtwnCell.swift in Sources */,
				5D1B011724C0635200EE9633 /* PumpSiteManager.swift in Sources */,
				5DE8D53223BFCE550044808A /* circularProgressBar.xcdatamodeld in Sources */,
				5DB8911723003BCF0000BFC6 /* SettingsTableViewController.swift in Sources */,
			);
			runOnlyForDeploymentPostprocessing = 0;
		};
		5DCD32AC230023AD00BC2E07 /* Sources */ = {
			isa = PBXSourcesBuildPhase;
			buildActionMask = 2147483647;
			files = (
				5DCD32B5230023AE00BC2E07 /* ChangeSiteTests.swift in Sources */,
			);
			runOnlyForDeploymentPostprocessing = 0;
		};
		5DCD32B7230023AE00BC2E07 /* Sources */ = {
			isa = PBXSourcesBuildPhase;
			buildActionMask = 2147483647;
			files = (
				5DCD32C0230023AE00BC2E07 /* ChangeSiteUITests.swift in Sources */,
			);
			runOnlyForDeploymentPostprocessing = 0;
		};
/* End PBXSourcesBuildPhase section */

/* Begin PBXTargetDependency section */
		5DCD32B2230023AD00BC2E07 /* PBXTargetDependency */ = {
			isa = PBXTargetDependency;
			target = 5DCD329B230023AB00BC2E07 /* ChangeSite */;
			targetProxy = 5DCD32B1230023AD00BC2E07 /* PBXContainerItemProxy */;
		};
		5DCD32BD230023AE00BC2E07 /* PBXTargetDependency */ = {
			isa = PBXTargetDependency;
			target = 5DCD329B230023AB00BC2E07 /* ChangeSite */;
			targetProxy = 5DCD32BC230023AE00BC2E07 /* PBXContainerItemProxy */;
		};
/* End PBXTargetDependency section */

/* Begin PBXVariantGroup section */
		5DCD32A3230023AB00BC2E07 /* Main.storyboard */ = {
			isa = PBXVariantGroup;
			children = (
				5DCD32A4230023AB00BC2E07 /* Base */,
			);
			name = Main.storyboard;
			sourceTree = "<group>";
		};
		5DCD32A8230023AD00BC2E07 /* LaunchScreen.storyboard */ = {
			isa = PBXVariantGroup;
			children = (
				5DCD32A9230023AD00BC2E07 /* Base */,
			);
			name = LaunchScreen.storyboard;
			sourceTree = "<group>";
		};
/* End PBXVariantGroup section */

/* Begin XCBuildConfiguration section */
		5DCD32C2230023AE00BC2E07 /* Debug */ = {
			isa = XCBuildConfiguration;
			buildSettings = {
				ALWAYS_SEARCH_USER_PATHS = NO;
				CLANG_ANALYZER_NONNULL = YES;
				CLANG_ANALYZER_NUMBER_OBJECT_CONVERSION = YES_AGGRESSIVE;
				CLANG_CXX_LANGUAGE_STANDARD = "gnu++14";
				CLANG_CXX_LIBRARY = "libc++";
				CLANG_ENABLE_MODULES = YES;
				CLANG_ENABLE_OBJC_ARC = YES;
				CLANG_ENABLE_OBJC_WEAK = YES;
				CLANG_WARN_BLOCK_CAPTURE_AUTORELEASING = YES;
				CLANG_WARN_BOOL_CONVERSION = YES;
				CLANG_WARN_COMMA = YES;
				CLANG_WARN_CONSTANT_CONVERSION = YES;
				CLANG_WARN_DEPRECATED_OBJC_IMPLEMENTATIONS = YES;
				CLANG_WARN_DIRECT_OBJC_ISA_USAGE = YES_ERROR;
				CLANG_WARN_DOCUMENTATION_COMMENTS = YES;
				CLANG_WARN_EMPTY_BODY = YES;
				CLANG_WARN_ENUM_CONVERSION = YES;
				CLANG_WARN_INFINITE_RECURSION = YES;
				CLANG_WARN_INT_CONVERSION = YES;
				CLANG_WARN_NON_LITERAL_NULL_CONVERSION = YES;
				CLANG_WARN_OBJC_IMPLICIT_RETAIN_SELF = YES;
				CLANG_WARN_OBJC_LITERAL_CONVERSION = YES;
				CLANG_WARN_OBJC_ROOT_CLASS = YES_ERROR;
				CLANG_WARN_QUOTED_INCLUDE_IN_FRAMEWORK_HEADER = YES;
				CLANG_WARN_RANGE_LOOP_ANALYSIS = YES;
				CLANG_WARN_STRICT_PROTOTYPES = YES;
				CLANG_WARN_SUSPICIOUS_MOVE = YES;
				CLANG_WARN_UNGUARDED_AVAILABILITY = YES_AGGRESSIVE;
				CLANG_WARN_UNREACHABLE_CODE = YES;
				CLANG_WARN__DUPLICATE_METHOD_MATCH = YES;
				CODE_SIGN_IDENTITY = "iPhone Developer";
				COPY_PHASE_STRIP = NO;
				DEBUG_INFORMATION_FORMAT = dwarf;
				ENABLE_STRICT_OBJC_MSGSEND = YES;
				ENABLE_TESTABILITY = YES;
				GCC_C_LANGUAGE_STANDARD = gnu11;
				GCC_DYNAMIC_NO_PIC = NO;
				GCC_NO_COMMON_BLOCKS = YES;
				GCC_OPTIMIZATION_LEVEL = 0;
				GCC_PREPROCESSOR_DEFINITIONS = (
					"DEBUG=1",
					"$(inherited)",
				);
				GCC_WARN_64_TO_32_BIT_CONVERSION = YES;
				GCC_WARN_ABOUT_RETURN_TYPE = YES_ERROR;
				GCC_WARN_UNDECLARED_SELECTOR = YES;
				GCC_WARN_UNINITIALIZED_AUTOS = YES_AGGRESSIVE;
				GCC_WARN_UNUSED_FUNCTION = YES;
				GCC_WARN_UNUSED_VARIABLE = YES;
				IPHONEOS_DEPLOYMENT_TARGET = 14.0;
				MTL_ENABLE_DEBUG_INFO = INCLUDE_SOURCE;
				MTL_FAST_MATH = YES;
				ONLY_ACTIVE_ARCH = YES;
				SDKROOT = iphoneos;
				SWIFT_ACTIVE_COMPILATION_CONDITIONS = DEBUG;
				SWIFT_OPTIMIZATION_LEVEL = "-Onone";
			};
			name = Debug;
		};
		5DCD32C3230023AE00BC2E07 /* Release */ = {
			isa = XCBuildConfiguration;
			buildSettings = {
				ALWAYS_SEARCH_USER_PATHS = NO;
				CLANG_ANALYZER_NONNULL = YES;
				CLANG_ANALYZER_NUMBER_OBJECT_CONVERSION = YES_AGGRESSIVE;
				CLANG_CXX_LANGUAGE_STANDARD = "gnu++14";
				CLANG_CXX_LIBRARY = "libc++";
				CLANG_ENABLE_MODULES = YES;
				CLANG_ENABLE_OBJC_ARC = YES;
				CLANG_ENABLE_OBJC_WEAK = YES;
				CLANG_WARN_BLOCK_CAPTURE_AUTORELEASING = YES;
				CLANG_WARN_BOOL_CONVERSION = YES;
				CLANG_WARN_COMMA = YES;
				CLANG_WARN_CONSTANT_CONVERSION = YES;
				CLANG_WARN_DEPRECATED_OBJC_IMPLEMENTATIONS = YES;
				CLANG_WARN_DIRECT_OBJC_ISA_USAGE = YES_ERROR;
				CLANG_WARN_DOCUMENTATION_COMMENTS = YES;
				CLANG_WARN_EMPTY_BODY = YES;
				CLANG_WARN_ENUM_CONVERSION = YES;
				CLANG_WARN_INFINITE_RECURSION = YES;
				CLANG_WARN_INT_CONVERSION = YES;
				CLANG_WARN_NON_LITERAL_NULL_CONVERSION = YES;
				CLANG_WARN_OBJC_IMPLICIT_RETAIN_SELF = YES;
				CLANG_WARN_OBJC_LITERAL_CONVERSION = YES;
				CLANG_WARN_OBJC_ROOT_CLASS = YES_ERROR;
				CLANG_WARN_QUOTED_INCLUDE_IN_FRAMEWORK_HEADER = YES;
				CLANG_WARN_RANGE_LOOP_ANALYSIS = YES;
				CLANG_WARN_STRICT_PROTOTYPES = YES;
				CLANG_WARN_SUSPICIOUS_MOVE = YES;
				CLANG_WARN_UNGUARDED_AVAILABILITY = YES_AGGRESSIVE;
				CLANG_WARN_UNREACHABLE_CODE = YES;
				CLANG_WARN__DUPLICATE_METHOD_MATCH = YES;
				CODE_SIGN_IDENTITY = "iPhone Developer";
				COPY_PHASE_STRIP = NO;
				DEBUG_INFORMATION_FORMAT = "dwarf-with-dsym";
				ENABLE_NS_ASSERTIONS = NO;
				ENABLE_STRICT_OBJC_MSGSEND = YES;
				GCC_C_LANGUAGE_STANDARD = gnu11;
				GCC_NO_COMMON_BLOCKS = YES;
				GCC_WARN_64_TO_32_BIT_CONVERSION = YES;
				GCC_WARN_ABOUT_RETURN_TYPE = YES_ERROR;
				GCC_WARN_UNDECLARED_SELECTOR = YES;
				GCC_WARN_UNINITIALIZED_AUTOS = YES_AGGRESSIVE;
				GCC_WARN_UNUSED_FUNCTION = YES;
				GCC_WARN_UNUSED_VARIABLE = YES;
				IPHONEOS_DEPLOYMENT_TARGET = 14.0;
				MTL_ENABLE_DEBUG_INFO = NO;
				MTL_FAST_MATH = YES;
				SDKROOT = iphoneos;
				SWIFT_COMPILATION_MODE = wholemodule;
				SWIFT_OPTIMIZATION_LEVEL = "-O";
				VALIDATE_PRODUCT = YES;
			};
			name = Release;
		};
		5DCD32C5230023AE00BC2E07 /* Debug */ = {
			isa = XCBuildConfiguration;
			buildSettings = {
				ASSETCATALOG_COMPILER_APPICON_NAME = AppIcon;
				CODE_SIGN_STYLE = Automatic;
				DEVELOPMENT_TEAM = N7P4N4U22P;
				INFOPLIST_FILE = "$(SRCROOT)/ChangeSite/Info.plist";
				IPHONEOS_DEPLOYMENT_TARGET = 13.2;
				LD_RUNPATH_SEARCH_PATHS = (
					"$(inherited)",
					"@executable_path/Frameworks",
				);
				PRODUCT_BUNDLE_IDENTIFIER = com.EmilyMittleman.ChangeSite;
				PRODUCT_NAME = ChangeSite;
				SWIFT_VERSION = 5.0;
				TARGETED_DEVICE_FAMILY = "1,2";
			};
			name = Debug;
		};
		5DCD32C6230023AE00BC2E07 /* Release */ = {
			isa = XCBuildConfiguration;
			buildSettings = {
				ASSETCATALOG_COMPILER_APPICON_NAME = AppIcon;
				CODE_SIGN_STYLE = Automatic;
				DEVELOPMENT_TEAM = N7P4N4U22P;
				INFOPLIST_FILE = "$(SRCROOT)/ChangeSite/Info.plist";
				IPHONEOS_DEPLOYMENT_TARGET = 13.2;
				LD_RUNPATH_SEARCH_PATHS = (
					"$(inherited)",
					"@executable_path/Frameworks",
				);
				PRODUCT_BUNDLE_IDENTIFIER = com.EmilyMittleman.ChangeSite;
				PRODUCT_NAME = ChangeSite;
				SWIFT_VERSION = 5.0;
				TARGETED_DEVICE_FAMILY = "1,2";
			};
			name = Release;
		};
		5DCD32C8230023AE00BC2E07 /* Debug */ = {
			isa = XCBuildConfiguration;
			buildSettings = {
				ALWAYS_EMBED_SWIFT_STANDARD_LIBRARIES = YES;
				BUNDLE_LOADER = "$(TEST_HOST)";
				CODE_SIGN_STYLE = Automatic;
				INFOPLIST_FILE = ChangeSiteTests/Info.plist;
				LD_RUNPATH_SEARCH_PATHS = (
					"$(inherited)",
					"@executable_path/Frameworks",
					"@loader_path/Frameworks",
				);
				PRODUCT_BUNDLE_IDENTIFIER = com.EmilyMittleman.ChangeSiteTests;
				PRODUCT_NAME = "$(TARGET_NAME)";
				SWIFT_VERSION = 5.0;
				TARGETED_DEVICE_FAMILY = "1,2";
				TEST_HOST = "$(BUILT_PRODUCTS_DIR)/ChangeSite.app/ChangeSite";
			};
			name = Debug;
		};
		5DCD32C9230023AE00BC2E07 /* Release */ = {
			isa = XCBuildConfiguration;
			buildSettings = {
				ALWAYS_EMBED_SWIFT_STANDARD_LIBRARIES = YES;
				BUNDLE_LOADER = "$(TEST_HOST)";
				CODE_SIGN_STYLE = Automatic;
				INFOPLIST_FILE = ChangeSiteTests/Info.plist;
				LD_RUNPATH_SEARCH_PATHS = (
					"$(inherited)",
					"@executable_path/Frameworks",
					"@loader_path/Frameworks",
				);
				PRODUCT_BUNDLE_IDENTIFIER = com.EmilyMittleman.ChangeSiteTests;
				PRODUCT_NAME = "$(TARGET_NAME)";
				SWIFT_VERSION = 5.0;
				TARGETED_DEVICE_FAMILY = "1,2";
				TEST_HOST = "$(BUILT_PRODUCTS_DIR)/ChangeSite.app/ChangeSite";
			};
			name = Release;
		};
		5DCD32CB230023AE00BC2E07 /* Debug */ = {
			isa = XCBuildConfiguration;
			buildSettings = {
				ALWAYS_EMBED_SWIFT_STANDARD_LIBRARIES = YES;
				CODE_SIGN_STYLE = Automatic;
				INFOPLIST_FILE = ChangeSite2UITests/Info.plist;
				LD_RUNPATH_SEARCH_PATHS = (
					"$(inherited)",
					"@executable_path/Frameworks",
					"@loader_path/Frameworks",
				);
				PRODUCT_BUNDLE_IDENTIFIER = com.EmilyMittleman.ChangeSite2UITests;
				PRODUCT_NAME = "$(TARGET_NAME)";
				SWIFT_VERSION = 5.0;
				TARGETED_DEVICE_FAMILY = "1,2";
				TEST_TARGET_NAME = ChangeSite2;
			};
			name = Debug;
		};
		5DCD32CC230023AE00BC2E07 /* Release */ = {
			isa = XCBuildConfiguration;
			buildSettings = {
				ALWAYS_EMBED_SWIFT_STANDARD_LIBRARIES = YES;
				CODE_SIGN_STYLE = Automatic;
				INFOPLIST_FILE = ChangeSite2UITests/Info.plist;
				LD_RUNPATH_SEARCH_PATHS = (
					"$(inherited)",
					"@executable_path/Frameworks",
					"@loader_path/Frameworks",
				);
				PRODUCT_BUNDLE_IDENTIFIER = com.EmilyMittleman.ChangeSite2UITests;
				PRODUCT_NAME = "$(TARGET_NAME)";
				SWIFT_VERSION = 5.0;
				TARGETED_DEVICE_FAMILY = "1,2";
				TEST_TARGET_NAME = ChangeSite2;
			};
			name = Release;
		};
/* End XCBuildConfiguration section */

/* Begin XCConfigurationList section */
		5DCD3297230023AB00BC2E07 /* Build configuration list for PBXProject "ChangeSite" */ = {
			isa = XCConfigurationList;
			buildConfigurations = (
				5DCD32C2230023AE00BC2E07 /* Debug */,
				5DCD32C3230023AE00BC2E07 /* Release */,
			);
			defaultConfigurationIsVisible = 0;
			defaultConfigurationName = Release;
		};
		5DCD32C4230023AE00BC2E07 /* Build configuration list for PBXNativeTarget "ChangeSite" */ = {
			isa = XCConfigurationList;
			buildConfigurations = (
				5DCD32C5230023AE00BC2E07 /* Debug */,
				5DCD32C6230023AE00BC2E07 /* Release */,
			);
			defaultConfigurationIsVisible = 0;
			defaultConfigurationName = Release;
		};
		5DCD32C7230023AE00BC2E07 /* Build configuration list for PBXNativeTarget "ChangeSiteTests" */ = {
			isa = XCConfigurationList;
			buildConfigurations = (
				5DCD32C8230023AE00BC2E07 /* Debug */,
				5DCD32C9230023AE00BC2E07 /* Release */,
			);
			defaultConfigurationIsVisible = 0;
			defaultConfigurationName = Release;
		};
		5DCD32CA230023AE00BC2E07 /* Build configuration list for PBXNativeTarget "ChangeSiteUITests" */ = {
			isa = XCConfigurationList;
			buildConfigurations = (
				5DCD32CB230023AE00BC2E07 /* Debug */,
				5DCD32CC230023AE00BC2E07 /* Release */,
			);
			defaultConfigurationIsVisible = 0;
			defaultConfigurationName = Release;
		};
/* End XCConfigurationList section */

/* Begin XCVersionGroup section */
		5DE8D53023BFCE550044808A /* circularProgressBar.xcdatamodeld */ = {
			isa = XCVersionGroup;
			children = (
				5DE8D53123BFCE550044808A /* circularProgressBar.xcdatamodel */,
			);
			currentVersion = 5DE8D53123BFCE550044808A /* circularProgressBar.xcdatamodel */;
			path = circularProgressBar.xcdatamodeld;
			sourceTree = "<group>";
			versionGroupType = wrapper.xcdatamodel;
		};
/* End XCVersionGroup section */
	};
	rootObject = 5DCD3294230023AB00BC2E07 /* Project object */;
}
