// !$*UTF8*$!
{
	archiveVersion = 1;
	classes = {
	};
	objectVersion = 54;
	objects = {

/* Begin PBXBuildFile section */
		5D007C382C0296630022F713 /* View+Extensions.swift in Sources */ = {isa = PBXBuildFile; fileRef = 5D007C372C0296630022F713 /* View+Extensions.swift */; };
		5D007C3A2C0298400022F713 /* PumpSite.swift in Sources */ = {isa = PBXBuildFile; fileRef = 5D007C392C0298400022F713 /* PumpSite.swift */; };
		5D007C3B2C0298400022F713 /* PumpSite.swift in Sources */ = {isa = PBXBuildFile; fileRef = 5D007C392C0298400022F713 /* PumpSite.swift */; };
		5D007C402C02B11A0022F713 /* PumpSiteEntry.swift in Sources */ = {isa = PBXBuildFile; fileRef = 5D007C3F2C02B11A0022F713 /* PumpSiteEntry.swift */; };
		5D09CDFD23026991006E914F /* ClassExtensions.swift in Sources */ = {isa = PBXBuildFile; fileRef = 5D09CDFC23026991006E914F /* ClassExtensions.swift */; };
		5D13E7B027A4F732007CC645 /* NotificationService.swift in Sources */ = {isa = PBXBuildFile; fileRef = 5D13E7AF27A4F732007CC645 /* NotificationService.swift */; };
		5D13E7B427A4F732007CC645 /* ChangeSiteNotificationService.appex in Embed App Extensions */ = {isa = PBXBuildFile; fileRef = 5D13E7AD27A4F732007CC645 /* ChangeSiteNotificationService.appex */; settings = {ATTRIBUTES = (RemoveHeadersOnCopy, ); }; };
		5D13E7B927A4F96D007CC645 /* NotificationService.swift in Sources */ = {isa = PBXBuildFile; fileRef = 5D13E7AF27A4F732007CC645 /* NotificationService.swift */; };
		5D1B011524C04C2000EE9633 /* RemindersManager.swift in Sources */ = {isa = PBXBuildFile; fileRef = 5D1B011424C04C2000EE9633 /* RemindersManager.swift */; };
		5D1B011724C0635200EE9633 /* PumpSiteManager.swift in Sources */ = {isa = PBXBuildFile; fileRef = 5D1B011624C0635200EE9633 /* PumpSiteManager.swift */; };
		5D30E271252D4BD300DB49CA /* Reminder.swift in Sources */ = {isa = PBXBuildFile; fileRef = 5D30E270252D4BD300DB49CA /* Reminder.swift */; };
		5D5CBC152C423E6C0034BC3D /* DebugViewController.swift in Sources */ = {isa = PBXBuildFile; fileRef = 5D5CBC142C423E6C0034BC3D /* DebugViewController.swift */; };
		5D6D2703291E042500BEC655 /* NotificationManager.swift in Sources */ = {isa = PBXBuildFile; fileRef = 5D6D2702291E042500BEC655 /* NotificationManager.swift */; };
		5D6D2705291F672300BEC655 /* CalendarViewController.swift in Sources */ = {isa = PBXBuildFile; fileRef = 5D6D2704291F672300BEC655 /* CalendarViewController.swift */; };
		5D6D2708291F684A00BEC655 /* TabItem.swift in Sources */ = {isa = PBXBuildFile; fileRef = 5D6D2707291F684A00BEC655 /* TabItem.swift */; };
		5D6D270A291F699A00BEC655 /* NavigationBaseController.swift in Sources */ = {isa = PBXBuildFile; fileRef = 5D6D2709291F699A00BEC655 /* NavigationBaseController.swift */; };
		5D6D270C291F6A5B00BEC655 /* TabNavigationMenu.swift in Sources */ = {isa = PBXBuildFile; fileRef = 5D6D270B291F6A5B00BEC655 /* TabNavigationMenu.swift */; };
		5D6D271C291F957400BEC655 /* Rubik-Light.ttf in Resources */ = {isa = PBXBuildFile; fileRef = 5D6D2712291F957200BEC655 /* Rubik-Light.ttf */; };
		5D6D2721291F957400BEC655 /* Rubik-Regular.ttf in Resources */ = {isa = PBXBuildFile; fileRef = 5D6D2717291F957300BEC655 /* Rubik-Regular.ttf */; };
		5D6D2723291F957400BEC655 /* Rubik-Medium.ttf in Resources */ = {isa = PBXBuildFile; fileRef = 5D6D2719291F957400BEC655 /* Rubik-Medium.ttf */; };
		5D7868832300984B00A54436 /* HomeViewController.swift in Sources */ = {isa = PBXBuildFile; fileRef = 5D7868822300984B00A54436 /* HomeViewController.swift */; };
		5D8DF10A293436CF00FB2A48 /* LegendView.swift in Sources */ = {isa = PBXBuildFile; fileRef = 5D8DF109293436CF00FB2A48 /* LegendView.swift */; };
		5D8DF10C29343B0900FB2A48 /* LegendView.xib in Resources */ = {isa = PBXBuildFile; fileRef = 5D8DF10B29343B0900FB2A48 /* LegendView.xib */; };
		5D9A0703292AF8F700B90AEE /* HomeViewModel.swift in Sources */ = {isa = PBXBuildFile; fileRef = 5D9A0702292AF8F700B90AEE /* HomeViewModel.swift */; };
		5DA3E8952C02DDAE003DDAB6 /* AppColor.swift in Sources */ = {isa = PBXBuildFile; fileRef = 5DA3E8942C02DDAE003DDAB6 /* AppColor.swift */; };
		5DA3E8962C02DDAE003DDAB6 /* AppColor.swift in Sources */ = {isa = PBXBuildFile; fileRef = 5DA3E8942C02DDAE003DDAB6 /* AppColor.swift */; };
		5DA3E8992C02DF74003DDAB6 /* Media.xcassets in Resources */ = {isa = PBXBuildFile; fileRef = 5DA3E8982C02DF74003DDAB6 /* Media.xcassets */; };
		5DA3E89A2C02DF74003DDAB6 /* Media.xcassets in Resources */ = {isa = PBXBuildFile; fileRef = 5DA3E8982C02DF74003DDAB6 /* Media.xcassets */; };
		5DA3E89B2C03EB1E003DDAB6 /* Rubik-Medium.ttf in Resources */ = {isa = PBXBuildFile; fileRef = 5D6D2719291F957400BEC655 /* Rubik-Medium.ttf */; };
		5DA3E89D2C04139F003DDAB6 /* StartDatePickerBottomSheet.swift in Sources */ = {isa = PBXBuildFile; fileRef = 5DA3E89C2C04139F003DDAB6 /* StartDatePickerBottomSheet.swift */; };
		5DAEB1F3299B461400A21251 /* DefaultChangeTimeController.swift in Sources */ = {isa = PBXBuildFile; fileRef = 5DAEB1F2299B461400A21251 /* DefaultChangeTimeController.swift */; };
		5DB5C33326C6E44C00877646 /* SettingsTableVC.swift in Sources */ = {isa = PBXBuildFile; fileRef = 5DB5C33226C6E44C00877646 /* SettingsTableVC.swift */; };
		5DB5C33526C6E6F200877646 /* StartDateCell.swift in Sources */ = {isa = PBXBuildFile; fileRef = 5DB5C33426C6E6F200877646 /* StartDateCell.swift */; };
		5DB5C33726C6E94F00877646 /* DaysBtwnCell.swift in Sources */ = {isa = PBXBuildFile; fileRef = 5DB5C33626C6E94F00877646 /* DaysBtwnCell.swift */; };
		5DB5C33926C6E98D00877646 /* ReminderCell.swift in Sources */ = {isa = PBXBuildFile; fileRef = 5DB5C33826C6E98D00877646 /* ReminderCell.swift */; };
		5DB8911723003BCF0000BFC6 /* SettingsTableViewController.swift in Sources */ = {isa = PBXBuildFile; fileRef = 5DB8911623003BCF0000BFC6 /* SettingsTableViewController.swift */; };
		5DB8911923003FE80000BFC6 /* StartDateController.swift in Sources */ = {isa = PBXBuildFile; fileRef = 5DB8911823003FE80000BFC6 /* StartDateController.swift */; };
		5DB8911B2300401E0000BFC6 /* ReminderFrequencyController.swift in Sources */ = {isa = PBXBuildFile; fileRef = 5DB8911A2300401E0000BFC6 /* ReminderFrequencyController.swift */; };
		5DCD32A0230023AB00BC2E07 /* AppDelegate.swift in Sources */ = {isa = PBXBuildFile; fileRef = 5DCD329F230023AB00BC2E07 /* AppDelegate.swift */; };
		5DCD32A2230023AB00BC2E07 /* LaunchViewController.swift in Sources */ = {isa = PBXBuildFile; fileRef = 5DCD32A1230023AB00BC2E07 /* LaunchViewController.swift */; };
		5DCD32A5230023AB00BC2E07 /* Main.storyboard in Resources */ = {isa = PBXBuildFile; fileRef = 5DCD32A3230023AB00BC2E07 /* Main.storyboard */; };
		5DCD32A7230023AD00BC2E07 /* Images.xcassets in Resources */ = {isa = PBXBuildFile; fileRef = 5DCD32A6230023AD00BC2E07 /* Images.xcassets */; };
		5DCD32AA230023AD00BC2E07 /* LaunchScreen.storyboard in Resources */ = {isa = PBXBuildFile; fileRef = 5DCD32A8230023AD00BC2E07 /* LaunchScreen.storyboard */; };
		5DF50C4B292012EF00E3695C /* CoreDataStack.swift in Sources */ = {isa = PBXBuildFile; fileRef = 5DF50C4A292012EF00E3695C /* CoreDataStack.swift */; };
		5DF50C4E2920163200E3695C /* PumpSite.xcdatamodeld in Sources */ = {isa = PBXBuildFile; fileRef = 5DF50C4C2920163200E3695C /* PumpSite.xcdatamodeld */; };
		5DF50C512920175D00E3695C /* SiteDates+CoreDataClass.swift in Sources */ = {isa = PBXBuildFile; fileRef = 5DF50C4F2920175D00E3695C /* SiteDates+CoreDataClass.swift */; };
		5DF50C522920175D00E3695C /* SiteDates+CoreDataProperties.swift in Sources */ = {isa = PBXBuildFile; fileRef = 5DF50C502920175D00E3695C /* SiteDates+CoreDataProperties.swift */; };
		5DF50C5429202AD500E3695C /* CustomCalendarCell.swift in Sources */ = {isa = PBXBuildFile; fileRef = 5DF50C5329202AD500E3695C /* CustomCalendarCell.swift */; };
		5DF50C5629203E7000E3695C /* SiteDatesProvider.swift in Sources */ = {isa = PBXBuildFile; fileRef = 5DF50C5529203E7000E3695C /* SiteDatesProvider.swift */; };
		5DF50C5B2926BABC00E3695C /* SetupViewController.swift in Sources */ = {isa = PBXBuildFile; fileRef = 5DF50C5A2926BABC00E3695C /* SetupViewController.swift */; };
		5DF50C60292720E200E3695C /* SettingsViewModel.swift in Sources */ = {isa = PBXBuildFile; fileRef = 5DF50C5F292720E200E3695C /* SettingsViewModel.swift */; };
		6A9B1D20C188259F216AD60B /* Pods_ChangeSite.framework in Frameworks */ = {isa = PBXBuildFile; fileRef = 5BA805888D66D36C98F45F2A /* Pods_ChangeSite.framework */; };
		CB26A47A2B68DA9900AC03F4 /* CalendarSingleLineView.swift in Sources */ = {isa = PBXBuildFile; fileRef = CB26A4782B68DA9900AC03F4 /* CalendarSingleLineView.swift */; };
		CB48F3612B832AB00047A6E5 /* SiteStartedIntent.swift in Sources */ = {isa = PBXBuildFile; fileRef = CB48F3602B832AB00047A6E5 /* SiteStartedIntent.swift */; };
		CB48F3622B832AB00047A6E5 /* SiteStartedIntent.swift in Sources */ = {isa = PBXBuildFile; fileRef = CB48F3602B832AB00047A6E5 /* SiteStartedIntent.swift */; };
		CBDCC1F12B60CE2800BD995B /* WidgetKit.framework in Frameworks */ = {isa = PBXBuildFile; fileRef = CBDCC1F02B60CE2800BD995B /* WidgetKit.framework */; };
		CBDCC1F32B60CE2800BD995B /* SwiftUI.framework in Frameworks */ = {isa = PBXBuildFile; fileRef = CBDCC1F22B60CE2800BD995B /* SwiftUI.framework */; };
		CBDCC1F62B60CE2800BD995B /* ChangeSiteWidgetBundle.swift in Sources */ = {isa = PBXBuildFile; fileRef = CBDCC1F52B60CE2800BD995B /* ChangeSiteWidgetBundle.swift */; };
		CBDCC1F82B60CE2800BD995B /* ChangeSiteWidget.swift in Sources */ = {isa = PBXBuildFile; fileRef = CBDCC1F72B60CE2800BD995B /* ChangeSiteWidget.swift */; };
		CBDCC1FA2B60CE2A00BD995B /* Assets.xcassets in Resources */ = {isa = PBXBuildFile; fileRef = CBDCC1F92B60CE2A00BD995B /* Assets.xcassets */; };
		CBDCC1FE2B60CE2A00BD995B /* ChangeSiteWidgetExtension.appex in Embed App Extensions */ = {isa = PBXBuildFile; fileRef = CBDCC1EF2B60CE2800BD995B /* ChangeSiteWidgetExtension.appex */; settings = {ATTRIBUTES = (RemoveHeadersOnCopy, ); }; };
		CBDCC2032B60CF9900BD995B /* ChangeSiteTimelineProvider.swift in Sources */ = {isa = PBXBuildFile; fileRef = CBDCC2022B60CF9900BD995B /* ChangeSiteTimelineProvider.swift */; };
		CBDCC2062B60D5E300BD995B /* ChangeSiteWidgetView.swift in Sources */ = {isa = PBXBuildFile; fileRef = CBDCC2052B60D5E300BD995B /* ChangeSiteWidgetView.swift */; };
		CBDCC2092B60E48C00BD995B /* CSFont.swift in Sources */ = {isa = PBXBuildFile; fileRef = CBDCC2082B60E48C00BD995B /* CSFont.swift */; };
		CBDCC20A2B60E48C00BD995B /* CSFont.swift in Sources */ = {isa = PBXBuildFile; fileRef = CBDCC2082B60E48C00BD995B /* CSFont.swift */; };
		CBDCC20C2B60EA2700BD995B /* Rubik-Regular.ttf in Resources */ = {isa = PBXBuildFile; fileRef = 5D6D2717291F957300BEC655 /* Rubik-Regular.ttf */; };
		CBDCC20D2B60EB9000BD995B /* ClassExtensions.swift in Sources */ = {isa = PBXBuildFile; fileRef = 5D09CDFC23026991006E914F /* ClassExtensions.swift */; };
		CBDCC20F2B60EF8300BD995B /* PumpSiteUtils.swift in Sources */ = {isa = PBXBuildFile; fileRef = CBDCC20E2B60EF8300BD995B /* PumpSiteUtils.swift */; };
		CBDCC2102B60EF8300BD995B /* PumpSiteUtils.swift in Sources */ = {isa = PBXBuildFile; fileRef = CBDCC20E2B60EF8300BD995B /* PumpSiteUtils.swift */; };
		CBDCC2112B60EFC000BD995B /* PumpSiteManager.swift in Sources */ = {isa = PBXBuildFile; fileRef = 5D1B011624C0635200EE9633 /* PumpSiteManager.swift */; };
		CBE4FF872BA7C71600C04AF4 /* UserDefaultsAccessHelper.swift in Sources */ = {isa = PBXBuildFile; fileRef = CBE4FF862BA7C71600C04AF4 /* UserDefaultsAccessHelper.swift */; };
		CBE4FF882BA7C71600C04AF4 /* UserDefaultsAccessHelper.swift in Sources */ = {isa = PBXBuildFile; fileRef = CBE4FF862BA7C71600C04AF4 /* UserDefaultsAccessHelper.swift */; };
		E7CCA52E36F500A1D5A8A3B7 /* Pods_ChangeSiteNotificationService.framework in Frameworks */ = {isa = PBXBuildFile; fileRef = CB7F2F2D496B9C6DBC2CD4FB /* Pods_ChangeSiteNotificationService.framework */; };
/* End PBXBuildFile section */

/* Begin PBXContainerItemProxy section */
		5D13E7B227A4F732007CC645 /* PBXContainerItemProxy */ = {
			isa = PBXContainerItemProxy;
			containerPortal = 5DCD3294230023AB00BC2E07 /* Project object */;
			proxyType = 1;
			remoteGlobalIDString = 5D13E7AC27A4F732007CC645;
			remoteInfo = ChangeSiteNotificationService;
		};
		CBDCC1FC2B60CE2A00BD995B /* PBXContainerItemProxy */ = {
			isa = PBXContainerItemProxy;
			containerPortal = 5DCD3294230023AB00BC2E07 /* Project object */;
			proxyType = 1;
			remoteGlobalIDString = CBDCC1EE2B60CE2800BD995B;
			remoteInfo = ChangeSiteWidgetExtension;
		};
/* End PBXContainerItemProxy section */

/* Begin PBXCopyFilesBuildPhase section */
		5D13E7B827A4F732007CC645 /* Embed App Extensions */ = {
			isa = PBXCopyFilesBuildPhase;
			buildActionMask = 2147483647;
			dstPath = "";
			dstSubfolderSpec = 13;
			files = (
				5D13E7B427A4F732007CC645 /* ChangeSiteNotificationService.appex in Embed App Extensions */,
				CBDCC1FE2B60CE2A00BD995B /* ChangeSiteWidgetExtension.appex in Embed App Extensions */,
			);
			name = "Embed App Extensions";
			runOnlyForDeploymentPostprocessing = 0;
		};
/* End PBXCopyFilesBuildPhase section */

/* Begin PBXFileReference section */
		4E8B4F1851151FED90DFDFBA /* Pods-ChangeSiteTests.release.xcconfig */ = {isa = PBXFileReference; includeInIndex = 1; lastKnownFileType = text.xcconfig; name = "Pods-ChangeSiteTests.release.xcconfig"; path = "Target Support Files/Pods-ChangeSiteTests/Pods-ChangeSiteTests.release.xcconfig"; sourceTree = "<group>"; };
		5BA805888D66D36C98F45F2A /* Pods_ChangeSite.framework */ = {isa = PBXFileReference; explicitFileType = wrapper.framework; includeInIndex = 0; path = Pods_ChangeSite.framework; sourceTree = BUILT_PRODUCTS_DIR; };
		5D007C372C0296630022F713 /* View+Extensions.swift */ = {isa = PBXFileReference; lastKnownFileType = sourcecode.swift; path = "View+Extensions.swift"; sourceTree = "<group>"; };
		5D007C392C0298400022F713 /* PumpSite.swift */ = {isa = PBXFileReference; lastKnownFileType = sourcecode.swift; path = PumpSite.swift; sourceTree = "<group>"; };
		5D007C3F2C02B11A0022F713 /* PumpSiteEntry.swift */ = {isa = PBXFileReference; lastKnownFileType = sourcecode.swift; path = PumpSiteEntry.swift; sourceTree = "<group>"; };
		5D007C412C02C3920022F713 /* ChangeSiteNotificationService.entitlements */ = {isa = PBXFileReference; lastKnownFileType = text.plist.entitlements; path = ChangeSiteNotificationService.entitlements; sourceTree = "<group>"; };
		5D007C422C02C39E0022F713 /* ChangeSiteWidgetExtension.entitlements */ = {isa = PBXFileReference; lastKnownFileType = text.plist.entitlements; path = ChangeSiteWidgetExtension.entitlements; sourceTree = "<group>"; };
		5D09CDFC23026991006E914F /* ClassExtensions.swift */ = {isa = PBXFileReference; lastKnownFileType = sourcecode.swift; path = ClassExtensions.swift; sourceTree = "<group>"; };
		5D13E7A827A4ECC5007CC645 /* ChangeSite.entitlements */ = {isa = PBXFileReference; lastKnownFileType = text.plist.entitlements; path = ChangeSite.entitlements; sourceTree = "<group>"; };
		5D13E7AD27A4F732007CC645 /* ChangeSiteNotificationService.appex */ = {isa = PBXFileReference; explicitFileType = "wrapper.app-extension"; includeInIndex = 0; path = ChangeSiteNotificationService.appex; sourceTree = BUILT_PRODUCTS_DIR; };
		5D13E7AF27A4F732007CC645 /* NotificationService.swift */ = {isa = PBXFileReference; lastKnownFileType = sourcecode.swift; path = NotificationService.swift; sourceTree = "<group>"; };
		5D13E7B127A4F732007CC645 /* Info.plist */ = {isa = PBXFileReference; lastKnownFileType = text.plist.xml; path = Info.plist; sourceTree = "<group>"; };
		5D1B011424C04C2000EE9633 /* RemindersManager.swift */ = {isa = PBXFileReference; lastKnownFileType = sourcecode.swift; path = RemindersManager.swift; sourceTree = "<group>"; };
		5D1B011624C0635200EE9633 /* PumpSiteManager.swift */ = {isa = PBXFileReference; lastKnownFileType = sourcecode.swift; path = PumpSiteManager.swift; sourceTree = "<group>"; };
		5D30E270252D4BD300DB49CA /* Reminder.swift */ = {isa = PBXFileReference; lastKnownFileType = sourcecode.swift; path = Reminder.swift; sourceTree = "<group>"; };
		5D5CBC142C423E6C0034BC3D /* DebugViewController.swift */ = {isa = PBXFileReference; lastKnownFileType = sourcecode.swift; path = DebugViewController.swift; sourceTree = "<group>"; };
		5D6D2702291E042500BEC655 /* NotificationManager.swift */ = {isa = PBXFileReference; lastKnownFileType = sourcecode.swift; path = NotificationManager.swift; sourceTree = "<group>"; };
		5D6D2704291F672300BEC655 /* CalendarViewController.swift */ = {isa = PBXFileReference; lastKnownFileType = sourcecode.swift; path = CalendarViewController.swift; sourceTree = "<group>"; };
		5D6D2707291F684A00BEC655 /* TabItem.swift */ = {isa = PBXFileReference; lastKnownFileType = sourcecode.swift; path = TabItem.swift; sourceTree = "<group>"; };
		5D6D2709291F699A00BEC655 /* NavigationBaseController.swift */ = {isa = PBXFileReference; lastKnownFileType = sourcecode.swift; path = NavigationBaseController.swift; sourceTree = "<group>"; };
		5D6D270B291F6A5B00BEC655 /* TabNavigationMenu.swift */ = {isa = PBXFileReference; lastKnownFileType = sourcecode.swift; path = TabNavigationMenu.swift; sourceTree = "<group>"; };
		5D6D2712291F957200BEC655 /* Rubik-Light.ttf */ = {isa = PBXFileReference; lastKnownFileType = file; path = "Rubik-Light.ttf"; sourceTree = "<group>"; };
		5D6D2717291F957300BEC655 /* Rubik-Regular.ttf */ = {isa = PBXFileReference; lastKnownFileType = file; path = "Rubik-Regular.ttf"; sourceTree = "<group>"; };
		5D6D2719291F957400BEC655 /* Rubik-Medium.ttf */ = {isa = PBXFileReference; lastKnownFileType = file; path = "Rubik-Medium.ttf"; sourceTree = "<group>"; };
		5D7868822300984B00A54436 /* HomeViewController.swift */ = {isa = PBXFileReference; lastKnownFileType = sourcecode.swift; path = HomeViewController.swift; sourceTree = "<group>"; };
		5D8DF109293436CF00FB2A48 /* LegendView.swift */ = {isa = PBXFileReference; lastKnownFileType = sourcecode.swift; path = LegendView.swift; sourceTree = "<group>"; };
		5D8DF10B29343B0900FB2A48 /* LegendView.xib */ = {isa = PBXFileReference; lastKnownFileType = file.xib; path = LegendView.xib; sourceTree = "<group>"; };
		5D9A0702292AF8F700B90AEE /* HomeViewModel.swift */ = {isa = PBXFileReference; lastKnownFileType = sourcecode.swift; path = HomeViewModel.swift; sourceTree = "<group>"; };
		5DA3E8942C02DDAE003DDAB6 /* AppColor.swift */ = {isa = PBXFileReference; lastKnownFileType = sourcecode.swift; path = AppColor.swift; sourceTree = "<group>"; };
		5DA3E8982C02DF74003DDAB6 /* Media.xcassets */ = {isa = PBXFileReference; lastKnownFileType = folder.assetcatalog; path = Media.xcassets; sourceTree = "<group>"; };
		5DA3E89C2C04139F003DDAB6 /* StartDatePickerBottomSheet.swift */ = {isa = PBXFileReference; lastKnownFileType = sourcecode.swift; path = StartDatePickerBottomSheet.swift; sourceTree = "<group>"; };
		5DAEB1F2299B461400A21251 /* DefaultChangeTimeController.swift */ = {isa = PBXFileReference; lastKnownFileType = sourcecode.swift; path = DefaultChangeTimeController.swift; sourceTree = "<group>"; };
		5DB5C33226C6E44C00877646 /* SettingsTableVC.swift */ = {isa = PBXFileReference; lastKnownFileType = sourcecode.swift; path = SettingsTableVC.swift; sourceTree = "<group>"; };
		5DB5C33426C6E6F200877646 /* StartDateCell.swift */ = {isa = PBXFileReference; lastKnownFileType = sourcecode.swift; path = StartDateCell.swift; sourceTree = "<group>"; };
		5DB5C33626C6E94F00877646 /* DaysBtwnCell.swift */ = {isa = PBXFileReference; lastKnownFileType = sourcecode.swift; path = DaysBtwnCell.swift; sourceTree = "<group>"; };
		5DB5C33826C6E98D00877646 /* ReminderCell.swift */ = {isa = PBXFileReference; lastKnownFileType = sourcecode.swift; path = ReminderCell.swift; sourceTree = "<group>"; };
		5DB8911623003BCF0000BFC6 /* SettingsTableViewController.swift */ = {isa = PBXFileReference; lastKnownFileType = sourcecode.swift; path = SettingsTableViewController.swift; sourceTree = "<group>"; };
		5DB8911823003FE80000BFC6 /* StartDateController.swift */ = {isa = PBXFileReference; lastKnownFileType = sourcecode.swift; path = StartDateController.swift; sourceTree = "<group>"; };
		5DB8911A2300401E0000BFC6 /* ReminderFrequencyController.swift */ = {isa = PBXFileReference; lastKnownFileType = sourcecode.swift; path = ReminderFrequencyController.swift; sourceTree = "<group>"; };
		5DCD329C230023AB00BC2E07 /* ChangeSite.app */ = {isa = PBXFileReference; explicitFileType = wrapper.application; includeInIndex = 0; path = ChangeSite.app; sourceTree = BUILT_PRODUCTS_DIR; };
		5DCD329F230023AB00BC2E07 /* AppDelegate.swift */ = {isa = PBXFileReference; lastKnownFileType = sourcecode.swift; path = AppDelegate.swift; sourceTree = "<group>"; };
		5DCD32A1230023AB00BC2E07 /* LaunchViewController.swift */ = {isa = PBXFileReference; lastKnownFileType = sourcecode.swift; path = LaunchViewController.swift; sourceTree = "<group>"; };
		5DCD32A4230023AB00BC2E07 /* Base */ = {isa = PBXFileReference; lastKnownFileType = file.storyboard; name = Base; path = Base.lproj/Main.storyboard; sourceTree = "<group>"; };
		5DCD32A6230023AD00BC2E07 /* Images.xcassets */ = {isa = PBXFileReference; lastKnownFileType = folder.assetcatalog; path = Images.xcassets; sourceTree = "<group>"; };
		5DCD32A9230023AD00BC2E07 /* Base */ = {isa = PBXFileReference; lastKnownFileType = file.storyboard; name = Base; path = Base.lproj/LaunchScreen.storyboard; sourceTree = "<group>"; };
		5DCD32AB230023AD00BC2E07 /* Info.plist */ = {isa = PBXFileReference; lastKnownFileType = text.plist.xml; path = Info.plist; sourceTree = "<group>"; };
		5DF50C4A292012EF00E3695C /* CoreDataStack.swift */ = {isa = PBXFileReference; lastKnownFileType = sourcecode.swift; path = CoreDataStack.swift; sourceTree = "<group>"; };
		5DF50C4D2920163200E3695C /* PumpSite.xcdatamodel */ = {isa = PBXFileReference; lastKnownFileType = wrapper.xcdatamodel; path = PumpSite.xcdatamodel; sourceTree = "<group>"; };
		5DF50C4F2920175D00E3695C /* SiteDates+CoreDataClass.swift */ = {isa = PBXFileReference; lastKnownFileType = sourcecode.swift; path = "SiteDates+CoreDataClass.swift"; sourceTree = "<group>"; };
		5DF50C502920175D00E3695C /* SiteDates+CoreDataProperties.swift */ = {isa = PBXFileReference; lastKnownFileType = sourcecode.swift; path = "SiteDates+CoreDataProperties.swift"; sourceTree = "<group>"; };
		5DF50C5329202AD500E3695C /* CustomCalendarCell.swift */ = {isa = PBXFileReference; lastKnownFileType = sourcecode.swift; path = CustomCalendarCell.swift; sourceTree = "<group>"; };
		5DF50C5529203E7000E3695C /* SiteDatesProvider.swift */ = {isa = PBXFileReference; lastKnownFileType = sourcecode.swift; path = SiteDatesProvider.swift; sourceTree = "<group>"; };
		5DF50C5A2926BABC00E3695C /* SetupViewController.swift */ = {isa = PBXFileReference; lastKnownFileType = sourcecode.swift; path = SetupViewController.swift; sourceTree = "<group>"; };
		5DF50C5F292720E200E3695C /* SettingsViewModel.swift */ = {isa = PBXFileReference; lastKnownFileType = sourcecode.swift; path = SettingsViewModel.swift; sourceTree = "<group>"; };
		6016E7C231B920940EFABFA4 /* Pods-ChangeSite.release.xcconfig */ = {isa = PBXFileReference; includeInIndex = 1; lastKnownFileType = text.xcconfig; name = "Pods-ChangeSite.release.xcconfig"; path = "Target Support Files/Pods-ChangeSite/Pods-ChangeSite.release.xcconfig"; sourceTree = "<group>"; };
		65E15DDE77717047C2C892E2 /* Pods-ChangeSite-ChangeSiteUITests.release.xcconfig */ = {isa = PBXFileReference; includeInIndex = 1; lastKnownFileType = text.xcconfig; name = "Pods-ChangeSite-ChangeSiteUITests.release.xcconfig"; path = "Target Support Files/Pods-ChangeSite-ChangeSiteUITests/Pods-ChangeSite-ChangeSiteUITests.release.xcconfig"; sourceTree = "<group>"; };
		835EC653B7795330AAB47568 /* Pods-ChangeSite-ChangeSiteUITests.debug.xcconfig */ = {isa = PBXFileReference; includeInIndex = 1; lastKnownFileType = text.xcconfig; name = "Pods-ChangeSite-ChangeSiteUITests.debug.xcconfig"; path = "Target Support Files/Pods-ChangeSite-ChangeSiteUITests/Pods-ChangeSite-ChangeSiteUITests.debug.xcconfig"; sourceTree = "<group>"; };
		8FAB9EF048491AB4D1A9EC95 /* Pods-ChangeSite.debug.xcconfig */ = {isa = PBXFileReference; includeInIndex = 1; lastKnownFileType = text.xcconfig; name = "Pods-ChangeSite.debug.xcconfig"; path = "Target Support Files/Pods-ChangeSite/Pods-ChangeSite.debug.xcconfig"; sourceTree = "<group>"; };
		9D96E3CE6F3D250135CF65BD /* Pods-ChangeSiteNotificationService.debug.xcconfig */ = {isa = PBXFileReference; includeInIndex = 1; lastKnownFileType = text.xcconfig; name = "Pods-ChangeSiteNotificationService.debug.xcconfig"; path = "Target Support Files/Pods-ChangeSiteNotificationService/Pods-ChangeSiteNotificationService.debug.xcconfig"; sourceTree = "<group>"; };
		C00B9596C1FEB5AC50F1652D /* Pods-ChangeSiteNotificationService.release.xcconfig */ = {isa = PBXFileReference; includeInIndex = 1; lastKnownFileType = text.xcconfig; name = "Pods-ChangeSiteNotificationService.release.xcconfig"; path = "Target Support Files/Pods-ChangeSiteNotificationService/Pods-ChangeSiteNotificationService.release.xcconfig"; sourceTree = "<group>"; };
		CB26A4782B68DA9900AC03F4 /* CalendarSingleLineView.swift */ = {isa = PBXFileReference; lastKnownFileType = sourcecode.swift; path = CalendarSingleLineView.swift; sourceTree = "<group>"; };
		CB48F3602B832AB00047A6E5 /* SiteStartedIntent.swift */ = {isa = PBXFileReference; lastKnownFileType = sourcecode.swift; path = SiteStartedIntent.swift; sourceTree = "<group>"; };
		CB7F2F2D496B9C6DBC2CD4FB /* Pods_ChangeSiteNotificationService.framework */ = {isa = PBXFileReference; explicitFileType = wrapper.framework; includeInIndex = 0; path = Pods_ChangeSiteNotificationService.framework; sourceTree = BUILT_PRODUCTS_DIR; };
		CBDCC1EF2B60CE2800BD995B /* ChangeSiteWidgetExtension.appex */ = {isa = PBXFileReference; explicitFileType = "wrapper.app-extension"; includeInIndex = 0; path = ChangeSiteWidgetExtension.appex; sourceTree = BUILT_PRODUCTS_DIR; };
		CBDCC1F02B60CE2800BD995B /* WidgetKit.framework */ = {isa = PBXFileReference; lastKnownFileType = wrapper.framework; name = WidgetKit.framework; path = System/Library/Frameworks/WidgetKit.framework; sourceTree = SDKROOT; };
		CBDCC1F22B60CE2800BD995B /* SwiftUI.framework */ = {isa = PBXFileReference; lastKnownFileType = wrapper.framework; name = SwiftUI.framework; path = System/Library/Frameworks/SwiftUI.framework; sourceTree = SDKROOT; };
		CBDCC1F52B60CE2800BD995B /* ChangeSiteWidgetBundle.swift */ = {isa = PBXFileReference; lastKnownFileType = sourcecode.swift; path = ChangeSiteWidgetBundle.swift; sourceTree = "<group>"; };
		CBDCC1F72B60CE2800BD995B /* ChangeSiteWidget.swift */ = {isa = PBXFileReference; lastKnownFileType = sourcecode.swift; path = ChangeSiteWidget.swift; sourceTree = "<group>"; };
		CBDCC1F92B60CE2A00BD995B /* Assets.xcassets */ = {isa = PBXFileReference; lastKnownFileType = folder.assetcatalog; path = Assets.xcassets; sourceTree = "<group>"; };
		CBDCC1FB2B60CE2A00BD995B /* Info.plist */ = {isa = PBXFileReference; lastKnownFileType = text.plist.xml; path = Info.plist; sourceTree = "<group>"; };
		CBDCC2022B60CF9900BD995B /* ChangeSiteTimelineProvider.swift */ = {isa = PBXFileReference; lastKnownFileType = sourcecode.swift; path = ChangeSiteTimelineProvider.swift; sourceTree = "<group>"; };
		CBDCC2052B60D5E300BD995B /* ChangeSiteWidgetView.swift */ = {isa = PBXFileReference; lastKnownFileType = sourcecode.swift; path = ChangeSiteWidgetView.swift; sourceTree = "<group>"; };
		CBDCC2082B60E48C00BD995B /* CSFont.swift */ = {isa = PBXFileReference; lastKnownFileType = sourcecode.swift; path = CSFont.swift; sourceTree = "<group>"; };
		CBDCC20E2B60EF8300BD995B /* PumpSiteUtils.swift */ = {isa = PBXFileReference; lastKnownFileType = sourcecode.swift; path = PumpSiteUtils.swift; sourceTree = "<group>"; };
		CBE4FF862BA7C71600C04AF4 /* UserDefaultsAccessHelper.swift */ = {isa = PBXFileReference; lastKnownFileType = sourcecode.swift; path = UserDefaultsAccessHelper.swift; sourceTree = "<group>"; };
		FC11795DA6EAFA1253235116 /* Pods-ChangeSiteTests.debug.xcconfig */ = {isa = PBXFileReference; includeInIndex = 1; lastKnownFileType = text.xcconfig; name = "Pods-ChangeSiteTests.debug.xcconfig"; path = "Target Support Files/Pods-ChangeSiteTests/Pods-ChangeSiteTests.debug.xcconfig"; sourceTree = "<group>"; };
/* End PBXFileReference section */

/* Begin PBXFrameworksBuildPhase section */
		5D13E7AA27A4F732007CC645 /* Frameworks */ = {
			isa = PBXFrameworksBuildPhase;
			buildActionMask = 2147483647;
			files = (
				E7CCA52E36F500A1D5A8A3B7 /* Pods_ChangeSiteNotificationService.framework in Frameworks */,
			);
			runOnlyForDeploymentPostprocessing = 0;
		};
		5DCD3299230023AB00BC2E07 /* Frameworks */ = {
			isa = PBXFrameworksBuildPhase;
			buildActionMask = 2147483647;
			files = (
				6A9B1D20C188259F216AD60B /* Pods_ChangeSite.framework in Frameworks */,
			);
			runOnlyForDeploymentPostprocessing = 0;
		};
		CBDCC1EC2B60CE2800BD995B /* Frameworks */ = {
			isa = PBXFrameworksBuildPhase;
			buildActionMask = 2147483647;
			files = (
				CBDCC1F32B60CE2800BD995B /* SwiftUI.framework in Frameworks */,
				CBDCC1F12B60CE2800BD995B /* WidgetKit.framework in Frameworks */,
			);
			runOnlyForDeploymentPostprocessing = 0;
		};
/* End PBXFrameworksBuildPhase section */

/* Begin PBXGroup section */
		31AF4A3BC3DD8B26015ED106 /* Pods */ = {
			isa = PBXGroup;
			children = (
				8FAB9EF048491AB4D1A9EC95 /* Pods-ChangeSite.debug.xcconfig */,
				6016E7C231B920940EFABFA4 /* Pods-ChangeSite.release.xcconfig */,
				835EC653B7795330AAB47568 /* Pods-ChangeSite-ChangeSiteUITests.debug.xcconfig */,
				65E15DDE77717047C2C892E2 /* Pods-ChangeSite-ChangeSiteUITests.release.xcconfig */,
				9D96E3CE6F3D250135CF65BD /* Pods-ChangeSiteNotificationService.debug.xcconfig */,
				C00B9596C1FEB5AC50F1652D /* Pods-ChangeSiteNotificationService.release.xcconfig */,
				FC11795DA6EAFA1253235116 /* Pods-ChangeSiteTests.debug.xcconfig */,
				4E8B4F1851151FED90DFDFBA /* Pods-ChangeSiteTests.release.xcconfig */,
			);
			path = Pods;
			sourceTree = "<group>";
		};
		337F7A570E5EC4660DFCACA5 /* Frameworks */ = {
			isa = PBXGroup;
			children = (
				5BA805888D66D36C98F45F2A /* Pods_ChangeSite.framework */,
				CB7F2F2D496B9C6DBC2CD4FB /* Pods_ChangeSiteNotificationService.framework */,
				CBDCC1F02B60CE2800BD995B /* WidgetKit.framework */,
				CBDCC1F22B60CE2800BD995B /* SwiftUI.framework */,
			);
			name = Frameworks;
			sourceTree = "<group>";
		};
		5D13E7AE27A4F732007CC645 /* ChangeSiteNotificationService */ = {
			isa = PBXGroup;
			children = (
				5D007C412C02C3920022F713 /* ChangeSiteNotificationService.entitlements */,
				5D13E7AF27A4F732007CC645 /* NotificationService.swift */,
				5D13E7B127A4F732007CC645 /* Info.plist */,
			);
			path = ChangeSiteNotificationService;
			sourceTree = "<group>";
		};
		5D30E266252D4AB100DB49CA /* HomeScreen */ = {
			isa = PBXGroup;
			children = (
				5D7868822300984B00A54436 /* HomeViewController.swift */,
				5D9A0702292AF8F700B90AEE /* HomeViewModel.swift */,
				5DA3E89C2C04139F003DDAB6 /* StartDatePickerBottomSheet.swift */,
			);
			path = HomeScreen;
			sourceTree = "<group>";
		};
		5D30E267252D4AED00DB49CA /* Settings */ = {
			isa = PBXGroup;
			children = (
				5DB8911623003BCF0000BFC6 /* SettingsTableViewController.swift */,
				5DF50C5F292720E200E3695C /* SettingsViewModel.swift */,
				5DB8911823003FE80000BFC6 /* StartDateController.swift */,
				5DB8911A2300401E0000BFC6 /* ReminderFrequencyController.swift */,
				5DAEB1F2299B461400A21251 /* DefaultChangeTimeController.swift */,
			);
			path = Settings;
			sourceTree = "<group>";
		};
		5D5CBC132C423CDD0034BC3D /* Debug */ = {
			isa = PBXGroup;
			children = (
				5D5CBC142C423E6C0034BC3D /* DebugViewController.swift */,
			);
			path = Debug;
			sourceTree = "<group>";
		};
		5D6D2701291E036000BEC655 /* Notifications */ = {
			isa = PBXGroup;
			children = (
				5D6D2702291E042500BEC655 /* NotificationManager.swift */,
			);
			path = Notifications;
			sourceTree = "<group>";
		};
		5D6D2706291F682000BEC655 /* Navigation */ = {
			isa = PBXGroup;
			children = (
				5D6D2707291F684A00BEC655 /* TabItem.swift */,
				5D6D2709291F699A00BEC655 /* NavigationBaseController.swift */,
				5D6D270B291F6A5B00BEC655 /* TabNavigationMenu.swift */,
			);
			path = Navigation;
			sourceTree = "<group>";
		};
		5D6D270F291F94AE00BEC655 /* Fonts */ = {
			isa = PBXGroup;
			children = (
				5D6D2712291F957200BEC655 /* Rubik-Light.ttf */,
				5D6D2719291F957400BEC655 /* Rubik-Medium.ttf */,
				5D6D2717291F957300BEC655 /* Rubik-Regular.ttf */,
			);
			path = Fonts;
			sourceTree = "<group>";
		};
		5DA3E8932C02DC04003DDAB6 /* Design */ = {
			isa = PBXGroup;
			children = (
				5D6D270F291F94AE00BEC655 /* Fonts */,
				5DA3E8942C02DDAE003DDAB6 /* AppColor.swift */,
				5DA3E8982C02DF74003DDAB6 /* Media.xcassets */,
			);
			path = Design;
			sourceTree = "<group>";
		};
		5DAE572C251A1B01006151A2 /* PumpSite */ = {
			isa = PBXGroup;
			children = (
				5D1B011624C0635200EE9633 /* PumpSiteManager.swift */,
				5D30E270252D4BD300DB49CA /* Reminder.swift */,
				5D1B011424C04C2000EE9633 /* RemindersManager.swift */,
				CBDCC20E2B60EF8300BD995B /* PumpSiteUtils.swift */,
				5D007C392C0298400022F713 /* PumpSite.swift */,
			);
			path = PumpSite;
			sourceTree = "<group>";
		};
		5DCD3293230023AB00BC2E07 = {
			isa = PBXGroup;
			children = (
				5DCD329E230023AB00BC2E07 /* ChangeSite */,
				5D13E7AE27A4F732007CC645 /* ChangeSiteNotificationService */,
				CBDCC1F42B60CE2800BD995B /* ChangeSiteWidget */,
				5DCD329D230023AB00BC2E07 /* Products */,
				31AF4A3BC3DD8B26015ED106 /* Pods */,
				337F7A570E5EC4660DFCACA5 /* Frameworks */,
			);
			sourceTree = "<group>";
		};
		5DCD329D230023AB00BC2E07 /* Products */ = {
			isa = PBXGroup;
			children = (
				5DCD329C230023AB00BC2E07 /* ChangeSite.app */,
				5D13E7AD27A4F732007CC645 /* ChangeSiteNotificationService.appex */,
				CBDCC1EF2B60CE2800BD995B /* ChangeSiteWidgetExtension.appex */,
			);
			name = Products;
			sourceTree = "<group>";
		};
		5DCD329E230023AB00BC2E07 /* ChangeSite */ = {
			isa = PBXGroup;
			children = (
				5D13E7A827A4ECC5007CC645 /* ChangeSite.entitlements */,
				5DCD329F230023AB00BC2E07 /* AppDelegate.swift */,
				5D09CDFC23026991006E914F /* ClassExtensions.swift */,
				5DCD32A3230023AB00BC2E07 /* Main.storyboard */,
				5DF50C592926BA3000E3695C /* NewUser */,
				5D30E266252D4AB100DB49CA /* HomeScreen */,
				5D30E267252D4AED00DB49CA /* Settings */,
				5DF50C452920048800E3695C /* Calendar */,
				5D5CBC132C423CDD0034BC3D /* Debug */,
				5D6D2706291F682000BEC655 /* Navigation */,
				5DCD32A6230023AD00BC2E07 /* Images.xcassets */,
				5DCD32A8230023AD00BC2E07 /* LaunchScreen.storyboard */,
				5DCD32AB230023AD00BC2E07 /* Info.plist */,
				5D6D2701291E036000BEC655 /* Notifications */,
				CB48F35F2B8329D70047A6E5 /* AppIntent */,
				5DAE572C251A1B01006151A2 /* PumpSite */,
				5DF50C492920127900E3695C /* Persistence */,
				5DA3E8932C02DC04003DDAB6 /* Design */,
				5DF50C4C2920163200E3695C /* PumpSite.xcdatamodeld */,
				5DF50C5C29271E4A00E3695C /* SettingsV2 */,
			);
			path = ChangeSite;
			sourceTree = "<group>";
		};
		5DF50C452920048800E3695C /* Calendar */ = {
			isa = PBXGroup;
			children = (
				5D6D2704291F672300BEC655 /* CalendarViewController.swift */,
				5DF50C5329202AD500E3695C /* CustomCalendarCell.swift */,
				5D8DF109293436CF00FB2A48 /* LegendView.swift */,
				5D8DF10B29343B0900FB2A48 /* LegendView.xib */,
			);
			path = Calendar;
			sourceTree = "<group>";
		};
		5DF50C492920127900E3695C /* Persistence */ = {
			isa = PBXGroup;
			children = (
				5DF50C4F2920175D00E3695C /* SiteDates+CoreDataClass.swift */,
				5DF50C502920175D00E3695C /* SiteDates+CoreDataProperties.swift */,
				5DF50C4A292012EF00E3695C /* CoreDataStack.swift */,
				5DF50C5529203E7000E3695C /* SiteDatesProvider.swift */,
				CBE4FF862BA7C71600C04AF4 /* UserDefaultsAccessHelper.swift */,
			);
			path = Persistence;
			sourceTree = "<group>";
		};
		5DF50C592926BA3000E3695C /* NewUser */ = {
			isa = PBXGroup;
			children = (
				5DCD32A1230023AB00BC2E07 /* LaunchViewController.swift */,
				5DF50C5A2926BABC00E3695C /* SetupViewController.swift */,
			);
			path = NewUser;
			sourceTree = "<group>";
		};
		5DF50C5C29271E4A00E3695C /* SettingsV2 */ = {
			isa = PBXGroup;
			children = (
				5DB5C33226C6E44C00877646 /* SettingsTableVC.swift */,
				5DB5C33826C6E98D00877646 /* ReminderCell.swift */,
				5DB5C33426C6E6F200877646 /* StartDateCell.swift */,
				5DB5C33626C6E94F00877646 /* DaysBtwnCell.swift */,
			);
			path = SettingsV2;
			sourceTree = "<group>";
		};
		CB48F35F2B8329D70047A6E5 /* AppIntent */ = {
			isa = PBXGroup;
			children = (
				CB48F3602B832AB00047A6E5 /* SiteStartedIntent.swift */,
			);
			path = AppIntent;
			sourceTree = "<group>";
		};
		CBDCC1F42B60CE2800BD995B /* ChangeSiteWidget */ = {
			isa = PBXGroup;
			children = (
				5D007C422C02C39E0022F713 /* ChangeSiteWidgetExtension.entitlements */,
				CBDCC2072B60E45600BD995B /* CSDesign */,
				CBDCC2042B60D59A00BD995B /* ChangeSiteWidgetUI */,
				CBDCC2022B60CF9900BD995B /* ChangeSiteTimelineProvider.swift */,
				CBDCC1F52B60CE2800BD995B /* ChangeSiteWidgetBundle.swift */,
				CBDCC1F72B60CE2800BD995B /* ChangeSiteWidget.swift */,
				5D007C3F2C02B11A0022F713 /* PumpSiteEntry.swift */,
				CBDCC1F92B60CE2A00BD995B /* Assets.xcassets */,
				CBDCC1FB2B60CE2A00BD995B /* Info.plist */,
			);
			path = ChangeSiteWidget;
			sourceTree = "<group>";
		};
		CBDCC2042B60D59A00BD995B /* ChangeSiteWidgetUI */ = {
			isa = PBXGroup;
			children = (
				CB26A4782B68DA9900AC03F4 /* CalendarSingleLineView.swift */,
				CBDCC2052B60D5E300BD995B /* ChangeSiteWidgetView.swift */,
				5D007C372C0296630022F713 /* View+Extensions.swift */,
			);
			path = ChangeSiteWidgetUI;
			sourceTree = "<group>";
		};
		CBDCC2072B60E45600BD995B /* CSDesign */ = {
			isa = PBXGroup;
			children = (
				CBDCC2082B60E48C00BD995B /* CSFont.swift */,
			);
			path = CSDesign;
			sourceTree = "<group>";
		};
/* End PBXGroup section */

/* Begin PBXNativeTarget section */
		5D13E7AC27A4F732007CC645 /* ChangeSiteNotificationService */ = {
			isa = PBXNativeTarget;
			buildConfigurationList = 5D13E7B527A4F732007CC645 /* Build configuration list for PBXNativeTarget "ChangeSiteNotificationService" */;
			buildPhases = (
				B9357C944015577D5BE6CEA7 /* [CP] Check Pods Manifest.lock */,
				5D13E7A927A4F732007CC645 /* Sources */,
				5D13E7AA27A4F732007CC645 /* Frameworks */,
				5D13E7AB27A4F732007CC645 /* Resources */,
			);
			buildRules = (
			);
			dependencies = (
			);
			name = ChangeSiteNotificationService;
			productName = ChangeSiteNotificationService;
			productReference = 5D13E7AD27A4F732007CC645 /* ChangeSiteNotificationService.appex */;
			productType = "com.apple.product-type.app-extension";
		};
		5DCD329B230023AB00BC2E07 /* ChangeSite */ = {
			isa = PBXNativeTarget;
			buildConfigurationList = 5DCD32C4230023AE00BC2E07 /* Build configuration list for PBXNativeTarget "ChangeSite" */;
			buildPhases = (
				A131BE91E1F5E826AD95EC20 /* [CP] Check Pods Manifest.lock */,
				5DCD3298230023AB00BC2E07 /* Sources */,
				5DCD3299230023AB00BC2E07 /* Frameworks */,
				5DCD329A230023AB00BC2E07 /* Resources */,
				5D13E7B827A4F732007CC645 /* Embed App Extensions */,
				7184754363E6E22E643996BF /* [CP] Embed Pods Frameworks */,
			);
			buildRules = (
			);
			dependencies = (
				5D13E7B327A4F732007CC645 /* PBXTargetDependency */,
				CBDCC1FD2B60CE2A00BD995B /* PBXTargetDependency */,
			);
			name = ChangeSite;
			productName = ChangeSite2;
			productReference = 5DCD329C230023AB00BC2E07 /* ChangeSite.app */;
			productType = "com.apple.product-type.application";
		};
		CBDCC1EE2B60CE2800BD995B /* ChangeSiteWidgetExtension */ = {
			isa = PBXNativeTarget;
			buildConfigurationList = CBDCC2012B60CE2A00BD995B /* Build configuration list for PBXNativeTarget "ChangeSiteWidgetExtension" */;
			buildPhases = (
				CBDCC1EB2B60CE2800BD995B /* Sources */,
				CBDCC1EC2B60CE2800BD995B /* Frameworks */,
				CBDCC1ED2B60CE2800BD995B /* Resources */,
			);
			buildRules = (
			);
			dependencies = (
			);
			name = ChangeSiteWidgetExtension;
			productName = ChangeSiteWidgetExtension;
			productReference = CBDCC1EF2B60CE2800BD995B /* ChangeSiteWidgetExtension.appex */;
			productType = "com.apple.product-type.app-extension";
		};
/* End PBXNativeTarget section */

/* Begin PBXProject section */
		5DCD3294230023AB00BC2E07 /* Project object */ = {
			isa = PBXProject;
			attributes = {
				LastSwiftUpdateCheck = 1510;
				LastUpgradeCheck = 1200;
				ORGANIZATIONNAME = "Emily Mittleman";
				TargetAttributes = {
					5D13E7AC27A4F732007CC645 = {
						CreatedOnToolsVersion = 13.2.1;
					};
					5DCD329B230023AB00BC2E07 = {
						CreatedOnToolsVersion = 10.3;
					};
					CBDCC1EE2B60CE2800BD995B = {
						CreatedOnToolsVersion = 15.1;
					};
				};
			};
			buildConfigurationList = 5DCD3297230023AB00BC2E07 /* Build configuration list for PBXProject "ChangeSite" */;
			compatibilityVersion = "Xcode 9.3";
			developmentRegion = en;
			hasScannedForEncodings = 0;
			knownRegions = (
				en,
				Base,
			);
			mainGroup = 5DCD3293230023AB00BC2E07;
			productRefGroup = 5DCD329D230023AB00BC2E07 /* Products */;
			projectDirPath = "";
			projectRoot = "";
			targets = (
				5DCD329B230023AB00BC2E07 /* ChangeSite */,
				5D13E7AC27A4F732007CC645 /* ChangeSiteNotificationService */,
				CBDCC1EE2B60CE2800BD995B /* ChangeSiteWidgetExtension */,
			);
		};
/* End PBXProject section */

/* Begin PBXResourcesBuildPhase section */
		5D13E7AB27A4F732007CC645 /* Resources */ = {
			isa = PBXResourcesBuildPhase;
			buildActionMask = 2147483647;
			files = (
			);
			runOnlyForDeploymentPostprocessing = 0;
		};
		5DCD329A230023AB00BC2E07 /* Resources */ = {
			isa = PBXResourcesBuildPhase;
			buildActionMask = 2147483647;
			files = (
				5DA3E8992C02DF74003DDAB6 /* Media.xcassets in Resources */,
				5DCD32AA230023AD00BC2E07 /* LaunchScreen.storyboard in Resources */,
				5DCD32A7230023AD00BC2E07 /* Images.xcassets in Resources */,
				5D6D2723291F957400BEC655 /* Rubik-Medium.ttf in Resources */,
				5D6D2721291F957400BEC655 /* Rubik-Regular.ttf in Resources */,
				5D6D271C291F957400BEC655 /* Rubik-Light.ttf in Resources */,
				5DCD32A5230023AB00BC2E07 /* Main.storyboard in Resources */,
				5D8DF10C29343B0900FB2A48 /* LegendView.xib in Resources */,
			);
			runOnlyForDeploymentPostprocessing = 0;
		};
		CBDCC1ED2B60CE2800BD995B /* Resources */ = {
			isa = PBXResourcesBuildPhase;
			buildActionMask = 2147483647;
			files = (
				CBDCC1FA2B60CE2A00BD995B /* Assets.xcassets in Resources */,
				5DA3E89A2C02DF74003DDAB6 /* Media.xcassets in Resources */,
				CBDCC20C2B60EA2700BD995B /* Rubik-Regular.ttf in Resources */,
				5DA3E89B2C03EB1E003DDAB6 /* Rubik-Medium.ttf in Resources */,
			);
			runOnlyForDeploymentPostprocessing = 0;
		};
/* End PBXResourcesBuildPhase section */

/* Begin PBXShellScriptBuildPhase section */
		7184754363E6E22E643996BF /* [CP] Embed Pods Frameworks */ = {
			isa = PBXShellScriptBuildPhase;
			buildActionMask = 2147483647;
			files = (
			);
			inputFileListPaths = (
				"${PODS_ROOT}/Target Support Files/Pods-ChangeSite/Pods-ChangeSite-frameworks-${CONFIGURATION}-input-files.xcfilelist",
			);
			name = "[CP] Embed Pods Frameworks";
			outputFileListPaths = (
				"${PODS_ROOT}/Target Support Files/Pods-ChangeSite/Pods-ChangeSite-frameworks-${CONFIGURATION}-output-files.xcfilelist",
			);
			runOnlyForDeploymentPostprocessing = 0;
			shellPath = /bin/sh;
			shellScript = "\"${PODS_ROOT}/Target Support Files/Pods-ChangeSite/Pods-ChangeSite-frameworks.sh\"\n";
			showEnvVarsInLog = 0;
		};
		A131BE91E1F5E826AD95EC20 /* [CP] Check Pods Manifest.lock */ = {
			isa = PBXShellScriptBuildPhase;
			buildActionMask = 2147483647;
			files = (
			);
			inputFileListPaths = (
			);
			inputPaths = (
				"${PODS_PODFILE_DIR_PATH}/Podfile.lock",
				"${PODS_ROOT}/Manifest.lock",
			);
			name = "[CP] Check Pods Manifest.lock";
			outputFileListPaths = (
			);
			outputPaths = (
				"$(DERIVED_FILE_DIR)/Pods-ChangeSite-checkManifestLockResult.txt",
			);
			runOnlyForDeploymentPostprocessing = 0;
			shellPath = /bin/sh;
			shellScript = "diff \"${PODS_PODFILE_DIR_PATH}/Podfile.lock\" \"${PODS_ROOT}/Manifest.lock\" > /dev/null\nif [ $? != 0 ] ; then\n    # print error to STDERR\n    echo \"error: The sandbox is not in sync with the Podfile.lock. Run 'pod install' or update your CocoaPods installation.\" >&2\n    exit 1\nfi\n# This output is used by Xcode 'outputs' to avoid re-running this script phase.\necho \"SUCCESS\" > \"${SCRIPT_OUTPUT_FILE_0}\"\n";
			showEnvVarsInLog = 0;
		};
		B9357C944015577D5BE6CEA7 /* [CP] Check Pods Manifest.lock */ = {
			isa = PBXShellScriptBuildPhase;
			buildActionMask = 2147483647;
			files = (
			);
			inputFileListPaths = (
			);
			inputPaths = (
				"${PODS_PODFILE_DIR_PATH}/Podfile.lock",
				"${PODS_ROOT}/Manifest.lock",
			);
			name = "[CP] Check Pods Manifest.lock";
			outputFileListPaths = (
			);
			outputPaths = (
				"$(DERIVED_FILE_DIR)/Pods-ChangeSiteNotificationService-checkManifestLockResult.txt",
			);
			runOnlyForDeploymentPostprocessing = 0;
			shellPath = /bin/sh;
			shellScript = "diff \"${PODS_PODFILE_DIR_PATH}/Podfile.lock\" \"${PODS_ROOT}/Manifest.lock\" > /dev/null\nif [ $? != 0 ] ; then\n    # print error to STDERR\n    echo \"error: The sandbox is not in sync with the Podfile.lock. Run 'pod install' or update your CocoaPods installation.\" >&2\n    exit 1\nfi\n# This output is used by Xcode 'outputs' to avoid re-running this script phase.\necho \"SUCCESS\" > \"${SCRIPT_OUTPUT_FILE_0}\"\n";
			showEnvVarsInLog = 0;
		};
/* End PBXShellScriptBuildPhase section */

/* Begin PBXSourcesBuildPhase section */
		5D13E7A927A4F732007CC645 /* Sources */ = {
			isa = PBXSourcesBuildPhase;
			buildActionMask = 2147483647;
			files = (
				5D13E7B027A4F732007CC645 /* NotificationService.swift in Sources */,
			);
			runOnlyForDeploymentPostprocessing = 0;
		};
		5DCD3298230023AB00BC2E07 /* Sources */ = {
			isa = PBXSourcesBuildPhase;
			buildActionMask = 2147483647;
			files = (
				5D6D270A291F699A00BEC655 /* NavigationBaseController.swift in Sources */,
				5DB8911923003FE80000BFC6 /* StartDateController.swift in Sources */,
				5DB5C33326C6E44C00877646 /* SettingsTableVC.swift in Sources */,
				5D6D2703291E042500BEC655 /* NotificationManager.swift in Sources */,
				5DF50C5B2926BABC00E3695C /* SetupViewController.swift in Sources */,
				CBDCC2092B60E48C00BD995B /* CSFont.swift in Sources */,
				5DCD32A2230023AB00BC2E07 /* LaunchViewController.swift in Sources */,
				5D30E271252D4BD300DB49CA /* Reminder.swift in Sources */,
				CB48F3612B832AB00047A6E5 /* SiteStartedIntent.swift in Sources */,
				5DF50C4E2920163200E3695C /* PumpSite.xcdatamodeld in Sources */,
				5D007C3A2C0298400022F713 /* PumpSite.swift in Sources */,
				5DCD32A0230023AB00BC2E07 /* AppDelegate.swift in Sources */,
				5D13E7B927A4F96D007CC645 /* NotificationService.swift in Sources */,
				CBE4FF872BA7C71600C04AF4 /* UserDefaultsAccessHelper.swift in Sources */,
				5D7868832300984B00A54436 /* HomeViewController.swift in Sources */,
				5DF50C5629203E7000E3695C /* SiteDatesProvider.swift in Sources */,
				5D6D2708291F684A00BEC655 /* TabItem.swift in Sources */,
				5DA3E89D2C04139F003DDAB6 /* StartDatePickerBottomSheet.swift in Sources */,
				5D8DF10A293436CF00FB2A48 /* LegendView.swift in Sources */,
				5D1B011524C04C2000EE9633 /* RemindersManager.swift in Sources */,
				5D6D270C291F6A5B00BEC655 /* TabNavigationMenu.swift in Sources */,
				5DB5C33526C6E6F200877646 /* StartDateCell.swift in Sources */,
				5D09CDFD23026991006E914F /* ClassExtensions.swift in Sources */,
				5DF50C60292720E200E3695C /* SettingsViewModel.swift in Sources */,
				5DB8911B2300401E0000BFC6 /* ReminderFrequencyController.swift in Sources */,
				5D6D2705291F672300BEC655 /* CalendarViewController.swift in Sources */,
				CBDCC20F2B60EF8300BD995B /* PumpSiteUtils.swift in Sources */,
				5DB5C33926C6E98D00877646 /* ReminderCell.swift in Sources */,
				5DB5C33726C6E94F00877646 /* DaysBtwnCell.swift in Sources */,
				5DF50C4B292012EF00E3695C /* CoreDataStack.swift in Sources */,
				5DAEB1F3299B461400A21251 /* DefaultChangeTimeController.swift in Sources */,
				5DF50C522920175D00E3695C /* SiteDates+CoreDataProperties.swift in Sources */,
				5D1B011724C0635200EE9633 /* PumpSiteManager.swift in Sources */,
				5D5CBC152C423E6C0034BC3D /* DebugViewController.swift in Sources */,
				5DF50C5429202AD500E3695C /* CustomCalendarCell.swift in Sources */,
				5DA3E8952C02DDAE003DDAB6 /* AppColor.swift in Sources */,
				5DF50C512920175D00E3695C /* SiteDates+CoreDataClass.swift in Sources */,
				5D9A0703292AF8F700B90AEE /* HomeViewModel.swift in Sources */,
				5DB8911723003BCF0000BFC6 /* SettingsTableViewController.swift in Sources */,
			);
			runOnlyForDeploymentPostprocessing = 0;
		};
		CBDCC1EB2B60CE2800BD995B /* Sources */ = {
			isa = PBXSourcesBuildPhase;
			buildActionMask = 2147483647;
			files = (
				CBDCC2032B60CF9900BD995B /* ChangeSiteTimelineProvider.swift in Sources */,
				CB26A47A2B68DA9900AC03F4 /* CalendarSingleLineView.swift in Sources */,
				CBDCC1F82B60CE2800BD995B /* ChangeSiteWidget.swift in Sources */,
				5D007C3B2C0298400022F713 /* PumpSite.swift in Sources */,
				CBDCC2112B60EFC000BD995B /* PumpSiteManager.swift in Sources */,
				CB48F3622B832AB00047A6E5 /* SiteStartedIntent.swift in Sources */,
				CBDCC20A2B60E48C00BD995B /* CSFont.swift in Sources */,
				CBE4FF882BA7C71600C04AF4 /* UserDefaultsAccessHelper.swift in Sources */,
				5DA3E8962C02DDAE003DDAB6 /* AppColor.swift in Sources */,
				5D007C402C02B11A0022F713 /* PumpSiteEntry.swift in Sources */,
				CBDCC1F62B60CE2800BD995B /* ChangeSiteWidgetBundle.swift in Sources */,
				CBDCC2102B60EF8300BD995B /* PumpSiteUtils.swift in Sources */,
				CBDCC20D2B60EB9000BD995B /* ClassExtensions.swift in Sources */,
				5D007C382C0296630022F713 /* View+Extensions.swift in Sources */,
				CBDCC2062B60D5E300BD995B /* ChangeSiteWidgetView.swift in Sources */,
			);
			runOnlyForDeploymentPostprocessing = 0;
		};
/* End PBXSourcesBuildPhase section */

/* Begin PBXTargetDependency section */
		5D13E7B327A4F732007CC645 /* PBXTargetDependency */ = {
			isa = PBXTargetDependency;
			target = 5D13E7AC27A4F732007CC645 /* ChangeSiteNotificationService */;
			targetProxy = 5D13E7B227A4F732007CC645 /* PBXContainerItemProxy */;
		};
		CBDCC1FD2B60CE2A00BD995B /* PBXTargetDependency */ = {
			isa = PBXTargetDependency;
			target = CBDCC1EE2B60CE2800BD995B /* ChangeSiteWidgetExtension */;
			targetProxy = CBDCC1FC2B60CE2A00BD995B /* PBXContainerItemProxy */;
		};
/* End PBXTargetDependency section */

/* Begin PBXVariantGroup section */
		5DCD32A3230023AB00BC2E07 /* Main.storyboard */ = {
			isa = PBXVariantGroup;
			children = (
				5DCD32A4230023AB00BC2E07 /* Base */,
			);
			name = Main.storyboard;
			sourceTree = "<group>";
		};
		5DCD32A8230023AD00BC2E07 /* LaunchScreen.storyboard */ = {
			isa = PBXVariantGroup;
			children = (
				5DCD32A9230023AD00BC2E07 /* Base */,
			);
			name = LaunchScreen.storyboard;
			sourceTree = "<group>";
		};
/* End PBXVariantGroup section */

/* Begin XCBuildConfiguration section */
		5D13E7B627A4F732007CC645 /* Debug */ = {
			isa = XCBuildConfiguration;
			baseConfigurationReference = 9D96E3CE6F3D250135CF65BD /* Pods-ChangeSiteNotificationService.debug.xcconfig */;
			buildSettings = {
				CLANG_CXX_LANGUAGE_STANDARD = "gnu++17";
				CODE_SIGN_ENTITLEMENTS = ChangeSiteNotificationService/ChangeSiteNotificationService.entitlements;
				CODE_SIGN_STYLE = Automatic;
				CURRENT_PROJECT_VERSION = 1;
				DEVELOPMENT_TEAM = N7P4N4U22P;
				GENERATE_INFOPLIST_FILE = YES;
				INFOPLIST_FILE = ChangeSiteNotificationService/Info.plist;
				INFOPLIST_KEY_CFBundleDisplayName = ChangeSiteNotificationService;
				INFOPLIST_KEY_NSHumanReadableCopyright = "Copyright © 2022 Emily Mittleman. All rights reserved.";
				IPHONEOS_DEPLOYMENT_TARGET = 15.2;
				LD_RUNPATH_SEARCH_PATHS = (
					"$(inherited)",
					"@executable_path/Frameworks",
					"@executable_path/../../Frameworks",
				);
				MARKETING_VERSION = 1.0;
				PRODUCT_BUNDLE_IDENTIFIER = com.EmilyMittleman.ChangeSite.ChangeSiteNotificationService;
				PRODUCT_NAME = "$(TARGET_NAME)";
				SKIP_INSTALL = YES;
				SUPPORTED_PLATFORMS = "iphoneos iphonesimulator";
				SUPPORTS_MACCATALYST = NO;
				SUPPORTS_XR_DESIGNED_FOR_IPHONE_IPAD = NO;
				SWIFT_EMIT_LOC_STRINGS = YES;
				SWIFT_VERSION = 5.0;
				TARGETED_DEVICE_FAMILY = 1;
			};
			name = Debug;
		};
		5D13E7B727A4F732007CC645 /* Release */ = {
			isa = XCBuildConfiguration;
			baseConfigurationReference = C00B9596C1FEB5AC50F1652D /* Pods-ChangeSiteNotificationService.release.xcconfig */;
			buildSettings = {
				CLANG_CXX_LANGUAGE_STANDARD = "gnu++17";
				CODE_SIGN_ENTITLEMENTS = ChangeSiteNotificationService/ChangeSiteNotificationService.entitlements;
				CODE_SIGN_STYLE = Automatic;
				CURRENT_PROJECT_VERSION = 1;
				DEVELOPMENT_TEAM = N7P4N4U22P;
				GENERATE_INFOPLIST_FILE = YES;
				INFOPLIST_FILE = ChangeSiteNotificationService/Info.plist;
				INFOPLIST_KEY_CFBundleDisplayName = ChangeSiteNotificationService;
				INFOPLIST_KEY_NSHumanReadableCopyright = "Copyright © 2022 Emily Mittleman. All rights reserved.";
				IPHONEOS_DEPLOYMENT_TARGET = 15.2;
				LD_RUNPATH_SEARCH_PATHS = (
					"$(inherited)",
					"@executable_path/Frameworks",
					"@executable_path/../../Frameworks",
				);
				MARKETING_VERSION = 1.0;
				PRODUCT_BUNDLE_IDENTIFIER = com.EmilyMittleman.ChangeSite.ChangeSiteNotificationService;
				PRODUCT_NAME = "$(TARGET_NAME)";
				SKIP_INSTALL = YES;
				SUPPORTED_PLATFORMS = "iphoneos iphonesimulator";
				SUPPORTS_MACCATALYST = NO;
				SUPPORTS_XR_DESIGNED_FOR_IPHONE_IPAD = NO;
				SWIFT_EMIT_LOC_STRINGS = YES;
				SWIFT_VERSION = 5.0;
				TARGETED_DEVICE_FAMILY = 1;
			};
			name = Release;
		};
		5DCD32C2230023AE00BC2E07 /* Debug */ = {
			isa = XCBuildConfiguration;
			buildSettings = {
				ALWAYS_SEARCH_USER_PATHS = NO;
				CLANG_ANALYZER_NONNULL = YES;
				CLANG_ANALYZER_NUMBER_OBJECT_CONVERSION = YES_AGGRESSIVE;
				CLANG_CXX_LANGUAGE_STANDARD = "gnu++14";
				CLANG_CXX_LIBRARY = "libc++";
				CLANG_ENABLE_MODULES = YES;
				CLANG_ENABLE_OBJC_ARC = YES;
				CLANG_ENABLE_OBJC_WEAK = YES;
				CLANG_WARN_BLOCK_CAPTURE_AUTORELEASING = YES;
				CLANG_WARN_BOOL_CONVERSION = YES;
				CLANG_WARN_COMMA = YES;
				CLANG_WARN_CONSTANT_CONVERSION = YES;
				CLANG_WARN_DEPRECATED_OBJC_IMPLEMENTATIONS = YES;
				CLANG_WARN_DIRECT_OBJC_ISA_USAGE = YES_ERROR;
				CLANG_WARN_DOCUMENTATION_COMMENTS = YES;
				CLANG_WARN_EMPTY_BODY = YES;
				CLANG_WARN_ENUM_CONVERSION = YES;
				CLANG_WARN_INFINITE_RECURSION = YES;
				CLANG_WARN_INT_CONVERSION = YES;
				CLANG_WARN_NON_LITERAL_NULL_CONVERSION = YES;
				CLANG_WARN_OBJC_IMPLICIT_RETAIN_SELF = YES;
				CLANG_WARN_OBJC_LITERAL_CONVERSION = YES;
				CLANG_WARN_OBJC_ROOT_CLASS = YES_ERROR;
				CLANG_WARN_QUOTED_INCLUDE_IN_FRAMEWORK_HEADER = YES;
				CLANG_WARN_RANGE_LOOP_ANALYSIS = YES;
				CLANG_WARN_STRICT_PROTOTYPES = YES;
				CLANG_WARN_SUSPICIOUS_MOVE = YES;
				CLANG_WARN_UNGUARDED_AVAILABILITY = YES_AGGRESSIVE;
				CLANG_WARN_UNREACHABLE_CODE = YES;
				CLANG_WARN__DUPLICATE_METHOD_MATCH = YES;
				CODE_SIGN_IDENTITY = "iPhone Developer";
				COPY_PHASE_STRIP = NO;
				DEBUG_INFORMATION_FORMAT = dwarf;
				ENABLE_STRICT_OBJC_MSGSEND = YES;
				ENABLE_TESTABILITY = YES;
				GCC_C_LANGUAGE_STANDARD = gnu11;
				GCC_DYNAMIC_NO_PIC = NO;
				GCC_NO_COMMON_BLOCKS = YES;
				GCC_OPTIMIZATION_LEVEL = 0;
				GCC_PREPROCESSOR_DEFINITIONS = (
					"DEBUG=1",
					"$(inherited)",
				);
				GCC_WARN_64_TO_32_BIT_CONVERSION = YES;
				GCC_WARN_ABOUT_RETURN_TYPE = YES_ERROR;
				GCC_WARN_UNDECLARED_SELECTOR = YES;
				GCC_WARN_UNINITIALIZED_AUTOS = YES_AGGRESSIVE;
				GCC_WARN_UNUSED_FUNCTION = YES;
				GCC_WARN_UNUSED_VARIABLE = YES;
				IPHONEOS_DEPLOYMENT_TARGET = 14.0;
				MTL_ENABLE_DEBUG_INFO = INCLUDE_SOURCE;
				MTL_FAST_MATH = YES;
				ONLY_ACTIVE_ARCH = YES;
				SDKROOT = iphoneos;
				SWIFT_ACTIVE_COMPILATION_CONDITIONS = DEBUG;
				SWIFT_OPTIMIZATION_LEVEL = "-Onone";
			};
			name = Debug;
		};
		5DCD32C3230023AE00BC2E07 /* Release */ = {
			isa = XCBuildConfiguration;
			buildSettings = {
				ALWAYS_SEARCH_USER_PATHS = NO;
				CLANG_ANALYZER_NONNULL = YES;
				CLANG_ANALYZER_NUMBER_OBJECT_CONVERSION = YES_AGGRESSIVE;
				CLANG_CXX_LANGUAGE_STANDARD = "gnu++14";
				CLANG_CXX_LIBRARY = "libc++";
				CLANG_ENABLE_MODULES = YES;
				CLANG_ENABLE_OBJC_ARC = YES;
				CLANG_ENABLE_OBJC_WEAK = YES;
				CLANG_WARN_BLOCK_CAPTURE_AUTORELEASING = YES;
				CLANG_WARN_BOOL_CONVERSION = YES;
				CLANG_WARN_COMMA = YES;
				CLANG_WARN_CONSTANT_CONVERSION = YES;
				CLANG_WARN_DEPRECATED_OBJC_IMPLEMENTATIONS = YES;
				CLANG_WARN_DIRECT_OBJC_ISA_USAGE = YES_ERROR;
				CLANG_WARN_DOCUMENTATION_COMMENTS = YES;
				CLANG_WARN_EMPTY_BODY = YES;
				CLANG_WARN_ENUM_CONVERSION = YES;
				CLANG_WARN_INFINITE_RECURSION = YES;
				CLANG_WARN_INT_CONVERSION = YES;
				CLANG_WARN_NON_LITERAL_NULL_CONVERSION = YES;
				CLANG_WARN_OBJC_IMPLICIT_RETAIN_SELF = YES;
				CLANG_WARN_OBJC_LITERAL_CONVERSION = YES;
				CLANG_WARN_OBJC_ROOT_CLASS = YES_ERROR;
				CLANG_WARN_QUOTED_INCLUDE_IN_FRAMEWORK_HEADER = YES;
				CLANG_WARN_RANGE_LOOP_ANALYSIS = YES;
				CLANG_WARN_STRICT_PROTOTYPES = YES;
				CLANG_WARN_SUSPICIOUS_MOVE = YES;
				CLANG_WARN_UNGUARDED_AVAILABILITY = YES_AGGRESSIVE;
				CLANG_WARN_UNREACHABLE_CODE = YES;
				CLANG_WARN__DUPLICATE_METHOD_MATCH = YES;
				CODE_SIGN_IDENTITY = "iPhone Developer";
				COPY_PHASE_STRIP = NO;
				DEBUG_INFORMATION_FORMAT = "dwarf-with-dsym";
				ENABLE_NS_ASSERTIONS = NO;
				ENABLE_STRICT_OBJC_MSGSEND = YES;
				GCC_C_LANGUAGE_STANDARD = gnu11;
				GCC_NO_COMMON_BLOCKS = YES;
				GCC_WARN_64_TO_32_BIT_CONVERSION = YES;
				GCC_WARN_ABOUT_RETURN_TYPE = YES_ERROR;
				GCC_WARN_UNDECLARED_SELECTOR = YES;
				GCC_WARN_UNINITIALIZED_AUTOS = YES_AGGRESSIVE;
				GCC_WARN_UNUSED_FUNCTION = YES;
				GCC_WARN_UNUSED_VARIABLE = YES;
				IPHONEOS_DEPLOYMENT_TARGET = 14.0;
				MTL_ENABLE_DEBUG_INFO = NO;
				MTL_FAST_MATH = YES;
				SDKROOT = iphoneos;
				SWIFT_COMPILATION_MODE = wholemodule;
				SWIFT_OPTIMIZATION_LEVEL = "-O";
				VALIDATE_PRODUCT = YES;
			};
			name = Release;
		};
		5DCD32C5230023AE00BC2E07 /* Debug */ = {
			isa = XCBuildConfiguration;
			baseConfigurationReference = 8FAB9EF048491AB4D1A9EC95 /* Pods-ChangeSite.debug.xcconfig */;
			buildSettings = {
				ALWAYS_EMBED_SWIFT_STANDARD_LIBRARIES = YES;
				ASSETCATALOG_COMPILER_APPICON_NAME = AppIcon;
				CODE_SIGN_ENTITLEMENTS = ChangeSite/ChangeSite.entitlements;
				CODE_SIGN_STYLE = Automatic;
				DEVELOPMENT_TEAM = N7P4N4U22P;
				INFOPLIST_FILE = "$(SRCROOT)/ChangeSite/Info.plist";
				IPHONEOS_DEPLOYMENT_TARGET = 15.0;
				LD_RUNPATH_SEARCH_PATHS = (
					"$(inherited)",
					"@executable_path/Frameworks",
				);
				PRODUCT_BUNDLE_IDENTIFIER = com.EmilyMittleman.ChangeSite;
				PRODUCT_NAME = ChangeSite;
				SUPPORTED_PLATFORMS = "iphoneos iphonesimulator";
				SUPPORTS_MACCATALYST = NO;
				SUPPORTS_XR_DESIGNED_FOR_IPHONE_IPAD = NO;
				SWIFT_VERSION = 5.0;
				TARGETED_DEVICE_FAMILY = 1;
			};
			name = Debug;
		};
		5DCD32C6230023AE00BC2E07 /* Release */ = {
			isa = XCBuildConfiguration;
			baseConfigurationReference = 6016E7C231B920940EFABFA4 /* Pods-ChangeSite.release.xcconfig */;
			buildSettings = {
				ALWAYS_EMBED_SWIFT_STANDARD_LIBRARIES = YES;
				ASSETCATALOG_COMPILER_APPICON_NAME = AppIcon;
				CODE_SIGN_ENTITLEMENTS = ChangeSite/ChangeSite.entitlements;
				CODE_SIGN_STYLE = Automatic;
				DEVELOPMENT_TEAM = N7P4N4U22P;
				INFOPLIST_FILE = "$(SRCROOT)/ChangeSite/Info.plist";
				IPHONEOS_DEPLOYMENT_TARGET = 15.0;
				LD_RUNPATH_SEARCH_PATHS = (
					"$(inherited)",
					"@executable_path/Frameworks",
				);
				PRODUCT_BUNDLE_IDENTIFIER = com.EmilyMittleman.ChangeSite;
				PRODUCT_NAME = ChangeSite;
				SUPPORTED_PLATFORMS = "iphoneos iphonesimulator";
				SUPPORTS_MACCATALYST = NO;
				SUPPORTS_XR_DESIGNED_FOR_IPHONE_IPAD = NO;
				SWIFT_VERSION = 5.0;
				TARGETED_DEVICE_FAMILY = 1;
			};
			name = Release;
		};
		CBDCC1FF2B60CE2A00BD995B /* Debug */ = {
			isa = XCBuildConfiguration;
			buildSettings = {
				ASSETCATALOG_COMPILER_GENERATE_SWIFT_ASSET_SYMBOL_EXTENSIONS = YES;
				ASSETCATALOG_COMPILER_GLOBAL_ACCENT_COLOR_NAME = AccentColor;
				"ASSETCATALOG_COMPILER_GLOBAL_ACCENT_COLOR_NAME[sdk=*]" = Background;
				ASSETCATALOG_COMPILER_WIDGET_BACKGROUND_COLOR_NAME = WidgetBackground;
				CLANG_CXX_LANGUAGE_STANDARD = "gnu++20";
				CODE_SIGN_ENTITLEMENTS = ChangeSiteWidget/ChangeSiteWidgetExtension.entitlements;
				CODE_SIGN_STYLE = Automatic;
				CURRENT_PROJECT_VERSION = 1;
				DEVELOPMENT_TEAM = N7P4N4U22P;
				ENABLE_USER_SCRIPT_SANDBOXING = YES;
				GCC_C_LANGUAGE_STANDARD = gnu17;
				GENERATE_INFOPLIST_FILE = YES;
				INFOPLIST_FILE = ChangeSiteWidget/Info.plist;
				INFOPLIST_KEY_CFBundleDisplayName = ChangeSiteWidget;
				INFOPLIST_KEY_NSHumanReadableCopyright = "Copyright © 2024 Emily Mittleman. All rights reserved.";
				IPHONEOS_DEPLOYMENT_TARGET = 17.0;
				LD_RUNPATH_SEARCH_PATHS = (
					"$(inherited)",
					"@executable_path/Frameworks",
					"@executable_path/../../Frameworks",
				);
				LOCALIZATION_PREFERS_STRING_CATALOGS = YES;
				MARKETING_VERSION = 1.0;
				PRODUCT_BUNDLE_IDENTIFIER = com.EmilyMittleman.ChangeSite.ChangeSiteWidget;
				PRODUCT_NAME = "$(TARGET_NAME)";
				SKIP_INSTALL = YES;
				SUPPORTED_PLATFORMS = "iphoneos iphonesimulator";
				SUPPORTS_MACCATALYST = NO;
				SUPPORTS_XR_DESIGNED_FOR_IPHONE_IPAD = NO;
				SWIFT_ACTIVE_COMPILATION_CONDITIONS = "DEBUG $(inherited)";
				SWIFT_EMIT_LOC_STRINGS = YES;
				SWIFT_VERSION = 5.0;
				TARGETED_DEVICE_FAMILY = 1;
			};
			name = Debug;
		};
		CBDCC2002B60CE2A00BD995B /* Release */ = {
			isa = XCBuildConfiguration;
			buildSettings = {
				ASSETCATALOG_COMPILER_GENERATE_SWIFT_ASSET_SYMBOL_EXTENSIONS = YES;
				ASSETCATALOG_COMPILER_GLOBAL_ACCENT_COLOR_NAME = AccentColor;
				ASSETCATALOG_COMPILER_WIDGET_BACKGROUND_COLOR_NAME = WidgetBackground;
				CLANG_CXX_LANGUAGE_STANDARD = "gnu++20";
				CODE_SIGN_ENTITLEMENTS = ChangeSiteWidget/ChangeSiteWidgetExtension.entitlements;
				CODE_SIGN_STYLE = Automatic;
				CURRENT_PROJECT_VERSION = 1;
				DEVELOPMENT_TEAM = N7P4N4U22P;
				ENABLE_USER_SCRIPT_SANDBOXING = YES;
				GCC_C_LANGUAGE_STANDARD = gnu17;
				GENERATE_INFOPLIST_FILE = YES;
				INFOPLIST_FILE = ChangeSiteWidget/Info.plist;
				INFOPLIST_KEY_CFBundleDisplayName = ChangeSiteWidget;
				INFOPLIST_KEY_NSHumanReadableCopyright = "Copyright © 2024 Emily Mittleman. All rights reserved.";
				IPHONEOS_DEPLOYMENT_TARGET = 17.0;
				LD_RUNPATH_SEARCH_PATHS = (
					"$(inherited)",
					"@executable_path/Frameworks",
					"@executable_path/../../Frameworks",
				);
				LOCALIZATION_PREFERS_STRING_CATALOGS = YES;
				MARKETING_VERSION = 1.0;
				PRODUCT_BUNDLE_IDENTIFIER = com.EmilyMittleman.ChangeSite.ChangeSiteWidget;
				PRODUCT_NAME = "$(TARGET_NAME)";
				SKIP_INSTALL = YES;
				SUPPORTED_PLATFORMS = "iphoneos iphonesimulator";
				SUPPORTS_MACCATALYST = NO;
				SUPPORTS_XR_DESIGNED_FOR_IPHONE_IPAD = NO;
				SWIFT_EMIT_LOC_STRINGS = YES;
				SWIFT_VERSION = 5.0;
				TARGETED_DEVICE_FAMILY = 1;
			};
			name = Release;
		};
/* End XCBuildConfiguration section */

/* Begin XCConfigurationList section */
		5D13E7B527A4F732007CC645 /* Build configuration list for PBXNativeTarget "ChangeSiteNotificationService" */ = {
			isa = XCConfigurationList;
			buildConfigurations = (
				5D13E7B627A4F732007CC645 /* Debug */,
				5D13E7B727A4F732007CC645 /* Release */,
			);
			defaultConfigurationIsVisible = 0;
			defaultConfigurationName = Release;
		};
		5DCD3297230023AB00BC2E07 /* Build configuration list for PBXProject "ChangeSite" */ = {
			isa = XCConfigurationList;
			buildConfigurations = (
				5DCD32C2230023AE00BC2E07 /* Debug */,
				5DCD32C3230023AE00BC2E07 /* Release */,
			);
			defaultConfigurationIsVisible = 0;
			defaultConfigurationName = Release;
		};
		5DCD32C4230023AE00BC2E07 /* Build configuration list for PBXNativeTarget "ChangeSite" */ = {
			isa = XCConfigurationList;
			buildConfigurations = (
				5DCD32C5230023AE00BC2E07 /* Debug */,
				5DCD32C6230023AE00BC2E07 /* Release */,
			);
			defaultConfigurationIsVisible = 0;
			defaultConfigurationName = Release;
		};
		CBDCC2012B60CE2A00BD995B /* Build configuration list for PBXNativeTarget "ChangeSiteWidgetExtension" */ = {
			isa = XCConfigurationList;
			buildConfigurations = (
				CBDCC1FF2B60CE2A00BD995B /* Debug */,
				CBDCC2002B60CE2A00BD995B /* Release */,
			);
			defaultConfigurationIsVisible = 0;
			defaultConfigurationName = Release;
		};
/* End XCConfigurationList section */

/* Begin XCVersionGroup section */
		5DF50C4C2920163200E3695C /* PumpSite.xcdatamodeld */ = {
			isa = XCVersionGroup;
			children = (
				5DF50C4D2920163200E3695C /* PumpSite.xcdatamodel */,
			);
			currentVersion = 5DF50C4D2920163200E3695C /* PumpSite.xcdatamodel */;
			path = PumpSite.xcdatamodeld;
			sourceTree = "<group>";
			versionGroupType = wrapper.xcdatamodel;
		};
/* End XCVersionGroup section */
	};
	rootObject = 5DCD3294230023AB00BC2E07 /* Project object */;
}
